// !$*UTF8*$!
{
	archiveVersion = 1;
	classes = {
	};
	objectVersion = 56;
	objects = {

/* Begin PBXBuildFile section */
		040D34C92C973CA400EB31D6 /* ProfileNavigationRow.swift in Sources */ = {isa = PBXBuildFile; fileRef = 040D34C82C973CA400EB31D6 /* ProfileNavigationRow.swift */; };
		040D34CC2C97432D00EB31D6 /* HomeView.swift in Sources */ = {isa = PBXBuildFile; fileRef = 040D34CB2C97432D00EB31D6 /* HomeView.swift */; };
		040D34CE2C97433500EB31D6 /* HomeViewModel.swift in Sources */ = {isa = PBXBuildFile; fileRef = 040D34CD2C97433500EB31D6 /* HomeViewModel.swift */; };
		040D34D02C97459A00EB31D6 /* HomeRepository.swift in Sources */ = {isa = PBXBuildFile; fileRef = 040D34CF2C97459A00EB31D6 /* HomeRepository.swift */; };
		040D34D22C9746E800EB31D6 /* MockHomeRepository.swift in Sources */ = {isa = PBXBuildFile; fileRef = 040D34D12C9746E800EB31D6 /* MockHomeRepository.swift */; };
		044C66502CA4F910005019EB /* ProfileSheet.swift in Sources */ = {isa = PBXBuildFile; fileRef = 044C664F2CA4F910005019EB /* ProfileSheet.swift */; };
		044C66522CA50A2E005019EB /* Repositories.json in Resources */ = {isa = PBXBuildFile; fileRef = 044C66512CA50A2E005019EB /* Repositories.json */; };
		044C66542CA510C9005019EB /* Events.json in Resources */ = {isa = PBXBuildFile; fileRef = 044C66532CA510C9005019EB /* Events.json */; };
		044C66572CA51BE4005019EB /* Organization.swift in Sources */ = {isa = PBXBuildFile; fileRef = 044C66562CA51BE4005019EB /* Organization.swift */; };
		044C66592CA51D83005019EB /* Organizations.json in Resources */ = {isa = PBXBuildFile; fileRef = 044C66582CA51D83005019EB /* Organizations.json */; };
		044C665B2CA51E4E005019EB /* OrganizationViewModel.swift in Sources */ = {isa = PBXBuildFile; fileRef = 044C665A2CA51E4E005019EB /* OrganizationViewModel.swift */; };
		044C665D2CA51E9F005019EB /* OrganizationsView.swift in Sources */ = {isa = PBXBuildFile; fileRef = 044C665C2CA51E9F005019EB /* OrganizationsView.swift */; };
		044C66602CA51F30005019EB /* OrganizationRowView.swift in Sources */ = {isa = PBXBuildFile; fileRef = 044C665F2CA51F30005019EB /* OrganizationRowView.swift */; };
		044C66672CA55136005019EB /* SplashScreen.swift in Sources */ = {isa = PBXBuildFile; fileRef = 044C66662CA55136005019EB /* SplashScreen.swift */; };
		044C66692CA5556A005019EB /* LaunchScreen.storyboard in Resources */ = {isa = PBXBuildFile; fileRef = 044C66682CA5556A005019EB /* LaunchScreen.storyboard */; };
		044C66792CA58922005019EB /* HomeViewModelTests.swift in Sources */ = {isa = PBXBuildFile; fileRef = 044C66782CA58922005019EB /* HomeViewModelTests.swift */; };
		047E2D0F2C98F26800A73395 /* RepositoryRowView.swift in Sources */ = {isa = PBXBuildFile; fileRef = 047E2D0E2C98F26800A73395 /* RepositoryRowView.swift */; };
		047E2D112C98F4A200A73395 /* RepoOwner.swift in Sources */ = {isa = PBXBuildFile; fileRef = 047E2D102C98F4A200A73395 /* RepoOwner.swift */; };
		047E2D152C99084900A73395 /* RefreshableScrollView.swift in Sources */ = {isa = PBXBuildFile; fileRef = 047E2D142C99084900A73395 /* RefreshableScrollView.swift */; };
		04AA9E1A2CA066250079C8FB /* EventRowView.swift in Sources */ = {isa = PBXBuildFile; fileRef = 04AA9E192CA066250079C8FB /* EventRowView.swift */; };
		04BD91412C8C6A8200DE2A08 /* GitHub_InsightsApp.swift in Sources */ = {isa = PBXBuildFile; fileRef = 04BD91402C8C6A8200DE2A08 /* GitHub_InsightsApp.swift */; };
		04BD91452C8C6A8300DE2A08 /* Assets.xcassets in Resources */ = {isa = PBXBuildFile; fileRef = 04BD91442C8C6A8300DE2A08 /* Assets.xcassets */; };
		04BD91482C8C6A8300DE2A08 /* Preview Assets.xcassets in Resources */ = {isa = PBXBuildFile; fileRef = 04BD91472C8C6A8300DE2A08 /* Preview Assets.xcassets */; };
		04BD914D2C8C6A8300DE2A08 /* GitHub_Insights.xcdatamodeld in Sources */ = {isa = PBXBuildFile; fileRef = 04BD914B2C8C6A8300DE2A08 /* GitHub_Insights.xcdatamodeld */; };
		04BD91542C8C6F3800DE2A08 /* README.md in Resources */ = {isa = PBXBuildFile; fileRef = 04BD91532C8C6F3700DE2A08 /* README.md */; };
		04BD91582C8C6F8900DE2A08 /* PersistentStore.swift in Sources */ = {isa = PBXBuildFile; fileRef = 04BD91572C8C6F8900DE2A08 /* PersistentStore.swift */; };
		04C535A32CA209D800591CE7 /* RepositoryEvent.swift in Sources */ = {isa = PBXBuildFile; fileRef = 04C535A22CA209D800591CE7 /* RepositoryEvent.swift */; };
		04C535A62CA217C700591CE7 /* UserRepositoriesView.swift in Sources */ = {isa = PBXBuildFile; fileRef = 04C535A52CA217C700591CE7 /* UserRepositoriesView.swift */; };
		04C535A82CA217E700591CE7 /* UserRepositoriesViewModel.swift in Sources */ = {isa = PBXBuildFile; fileRef = 04C535A72CA217E700591CE7 /* UserRepositoriesViewModel.swift */; };
		04D08CA92CA46D41004C1F5C /* StarredRepositoriesViewModel.swift in Sources */ = {isa = PBXBuildFile; fileRef = 04D08CA82CA46D41004C1F5C /* StarredRepositoriesViewModel.swift */; };
		04D08CAB2CA46E17004C1F5C /* StarredRepositoriesView.swift in Sources */ = {isa = PBXBuildFile; fileRef = 04D08CAA2CA46E17004C1F5C /* StarredRepositoriesView.swift */; };
		04D130042C8D90E600EB0B29 /* GitHubRepo.swift in Sources */ = {isa = PBXBuildFile; fileRef = 04D130032C8D90E600EB0B29 /* GitHubRepo.swift */; };
		04D130062C8D92E500EB0B29 /* User.swift in Sources */ = {isa = PBXBuildFile; fileRef = 04D130052C8D92E500EB0B29 /* User.swift */; };
		04D130082C8D9B1B00EB0B29 /* .gitignore in Resources */ = {isa = PBXBuildFile; fileRef = 04D130072C8D9B1B00EB0B29 /* .gitignore */; };
		04D1300B2C8D9B5D00EB0B29 /* Secrets.json in Resources */ = {isa = PBXBuildFile; fileRef = 04D1300A2C8D9B5D00EB0B29 /* Secrets.json */; };
		04D1300D2C8D9B8100EB0B29 /* SecretsManager.swift in Sources */ = {isa = PBXBuildFile; fileRef = 04D1300C2C8D9B8100EB0B29 /* SecretsManager.swift */; };
		04D1300F2C8D9C3700EB0B29 /* MakeRequest.swift in Sources */ = {isa = PBXBuildFile; fileRef = 04D1300E2C8D9C3700EB0B29 /* MakeRequest.swift */; };
		04D130112C8D9FF300EB0B29 /* AuthRepository.swift in Sources */ = {isa = PBXBuildFile; fileRef = 04D130102C8D9FF300EB0B29 /* AuthRepository.swift */; };
		04D130132C8DA07800EB0B29 /* Enums.swift in Sources */ = {isa = PBXBuildFile; fileRef = 04D130122C8DA07800EB0B29 /* Enums.swift */; };
		04E6CF322CA634B00065A524 /* FileManager+Extension.swift in Sources */ = {isa = PBXBuildFile; fileRef = 04E6CF312CA634B00065A524 /* FileManager+Extension.swift */; };
		04E6CF342CA64BA90065A524 /* ProfileViewModelTests.swift in Sources */ = {isa = PBXBuildFile; fileRef = 04E6CF332CA64BA90065A524 /* ProfileViewModelTests.swift */; };
		04E6CF362CA64EAE0065A524 /* RepositoryDetailViewModelTests.swift in Sources */ = {isa = PBXBuildFile; fileRef = 04E6CF352CA64EAE0065A524 /* RepositoryDetailViewModelTests.swift */; };
		04E6CF382CA656580065A524 /* UserRepositoriesViewModelTests.swift in Sources */ = {isa = PBXBuildFile; fileRef = 04E6CF372CA656580065A524 /* UserRepositoriesViewModelTests.swift */; };
		04E6CF3A2CA65D920065A524 /* StarredRepositoriesViewModelTests.swift in Sources */ = {isa = PBXBuildFile; fileRef = 04E6CF392CA65D920065A524 /* StarredRepositoriesViewModelTests.swift */; };
		04E6CF3C2CA65F780065A524 /* OrganizationsViewModelTests.swift in Sources */ = {isa = PBXBuildFile; fileRef = 04E6CF3B2CA65F780065A524 /* OrganizationsViewModelTests.swift */; };
		04E6CF3E2CA6638C0065A524 /* MockAuthRepository.swift in Sources */ = {isa = PBXBuildFile; fileRef = 04E6CF3D2CA6638C0065A524 /* MockAuthRepository.swift */; };
		04E6CF402CA665420065A524 /* AuthViewModelTests.swift in Sources */ = {isa = PBXBuildFile; fileRef = 04E6CF3F2CA665420065A524 /* AuthViewModelTests.swift */; };
		04E6CF442CA6E2E50065A524 /* TestView.swift in Sources */ = {isa = PBXBuildFile; fileRef = 04E6CF432CA6E2E50065A524 /* TestView.swift */; };
		04E6CF512CA827DA0065A524 /* Matchfile in Resources */ = {isa = PBXBuildFile; fileRef = 04E6CF502CA827DA0065A524 /* Matchfile */; };
		04E6CF592CA834EB0065A524 /* sc5.png in Resources */ = {isa = PBXBuildFile; fileRef = 04E6CF532CA834EB0065A524 /* sc5.png */; };
		04E6CF5A2CA834EB0065A524 /* sc2.png in Resources */ = {isa = PBXBuildFile; fileRef = 04E6CF542CA834EB0065A524 /* sc2.png */; };
		04E6CF5B2CA834EB0065A524 /* sc3.png in Resources */ = {isa = PBXBuildFile; fileRef = 04E6CF552CA834EB0065A524 /* sc3.png */; };
		04E6CF5C2CA834EB0065A524 /* sc6.png in Resources */ = {isa = PBXBuildFile; fileRef = 04E6CF562CA834EB0065A524 /* sc6.png */; };
		04E6CF5D2CA834EB0065A524 /* sc1.png in Resources */ = {isa = PBXBuildFile; fileRef = 04E6CF572CA834EB0065A524 /* sc1.png */; };
		04E6CF5E2CA834EB0065A524 /* sc4.png in Resources */ = {isa = PBXBuildFile; fileRef = 04E6CF582CA834EB0065A524 /* sc4.png */; };
		04EFB1F72C8F5A4300E2FCF0 /* ProfileView.swift in Sources */ = {isa = PBXBuildFile; fileRef = 04EFB1F62C8F5A4300E2FCF0 /* ProfileView.swift */; };
		04EFB1FA2C8F5A7B00E2FCF0 /* AuthView.swift in Sources */ = {isa = PBXBuildFile; fileRef = 04EFB1F92C8F5A7B00E2FCF0 /* AuthView.swift */; };
		04EFB1FC2C8F5AA600E2FCF0 /* AuthViewModel.swift in Sources */ = {isa = PBXBuildFile; fileRef = 04EFB1FB2C8F5AA600E2FCF0 /* AuthViewModel.swift */; };
		04EFB1FE2C8F5F4D00E2FCF0 /* Toast.swift in Sources */ = {isa = PBXBuildFile; fileRef = 04EFB1FD2C8F5F4D00E2FCF0 /* Toast.swift */; };
		04EFB2012C8F5FC700E2FCF0 /* ToastManager.swift in Sources */ = {isa = PBXBuildFile; fileRef = 04EFB2002C8F5FC700E2FCF0 /* ToastManager.swift */; };
		04EFB2042C8F605E00E2FCF0 /* ToastView.swift in Sources */ = {isa = PBXBuildFile; fileRef = 04EFB2032C8F605E00E2FCF0 /* ToastView.swift */; };
		04EFB2092C8F616900E2FCF0 /* View+Extension.swift in Sources */ = {isa = PBXBuildFile; fileRef = 04EFB2082C8F616900E2FCF0 /* View+Extension.swift */; };
		04EFB20C2C8F626600E2FCF0 /* MainTabView.swift in Sources */ = {isa = PBXBuildFile; fileRef = 04EFB20B2C8F626600E2FCF0 /* MainTabView.swift */; };
		04EFB20E2C8F644C00E2FCF0 /* BaseTextField.swift in Sources */ = {isa = PBXBuildFile; fileRef = 04EFB20D2C8F644C00E2FCF0 /* BaseTextField.swift */; };
		04EFB2102C8F649400E2FCF0 /* String+Extension.swift in Sources */ = {isa = PBXBuildFile; fileRef = 04EFB20F2C8F649400E2FCF0 /* String+Extension.swift */; };
		04EFB2122C8F661B00E2FCF0 /* Color+Extension.swift in Sources */ = {isa = PBXBuildFile; fileRef = 04EFB2112C8F661B00E2FCF0 /* Color+Extension.swift */; };
		04EFB2142C8F776400E2FCF0 /* ProfileViewModel.swift in Sources */ = {isa = PBXBuildFile; fileRef = 04EFB2132C8F776400E2FCF0 /* ProfileViewModel.swift */; };
		04EFB2172C8F780300E2FCF0 /* ProfileRepository.swift in Sources */ = {isa = PBXBuildFile; fileRef = 04EFB2162C8F780300E2FCF0 /* ProfileRepository.swift */; };
		04EFB21A2C8F79E300E2FCF0 /* MockProfileRepository.swift in Sources */ = {isa = PBXBuildFile; fileRef = 04EFB2192C8F79E300E2FCF0 /* MockProfileRepository.swift */; };
		04EFB21C2C8F7D4000E2FCF0 /* NetworkImageView.swift in Sources */ = {isa = PBXBuildFile; fileRef = 04EFB21B2C8F7D4000E2FCF0 /* NetworkImageView.swift */; };
		04EFB21F2C8F7E8700E2FCF0 /* ImageCache.swift in Sources */ = {isa = PBXBuildFile; fileRef = 04EFB21E2C8F7E8700E2FCF0 /* ImageCache.swift */; };
		04EFB2222C8F806600E2FCF0 /* ProfileViewLoaded.swift in Sources */ = {isa = PBXBuildFile; fileRef = 04EFB2212C8F806600E2FCF0 /* ProfileViewLoaded.swift */; };
		04EFB2242C8F862A00E2FCF0 /* ProfileHeader.swift in Sources */ = {isa = PBXBuildFile; fileRef = 04EFB2232C8F862A00E2FCF0 /* ProfileHeader.swift */; };
		04F5CAAF2C9ECEAE00FDE889 /* Date+Extension.swift in Sources */ = {isa = PBXBuildFile; fileRef = 04F5CAAE2C9ECEAE00FDE889 /* Date+Extension.swift */; };
		04F5CAB32C9ED11400FDE889 /* RepositoryDetailView.swift in Sources */ = {isa = PBXBuildFile; fileRef = 04F5CAB22C9ED11400FDE889 /* RepositoryDetailView.swift */; };
		04F5CAB52C9EF74500FDE889 /* RepositoryHeaderView.swift in Sources */ = {isa = PBXBuildFile; fileRef = 04F5CAB42C9EF74500FDE889 /* RepositoryHeaderView.swift */; };
		04F5CAB92C9F22C600FDE889 /* RepositoryDetailViewModel.swift in Sources */ = {isa = PBXBuildFile; fileRef = 04F5CAB82C9F22C600FDE889 /* RepositoryDetailViewModel.swift */; };
/* End PBXBuildFile section */

/* Begin PBXContainerItemProxy section */
		044C66732CA588FF005019EB /* PBXContainerItemProxy */ = {
			isa = PBXContainerItemProxy;
			containerPortal = 04BD91352C8C6A8200DE2A08 /* Project object */;
			proxyType = 1;
			remoteGlobalIDString = 04BD913C2C8C6A8200DE2A08;
			remoteInfo = "GitHub Insights";
		};
/* End PBXContainerItemProxy section */

/* Begin PBXFileReference section */
		040D34C82C973CA400EB31D6 /* ProfileNavigationRow.swift */ = {isa = PBXFileReference; lastKnownFileType = sourcecode.swift; path = ProfileNavigationRow.swift; sourceTree = "<group>"; };
		040D34CB2C97432D00EB31D6 /* HomeView.swift */ = {isa = PBXFileReference; lastKnownFileType = sourcecode.swift; path = HomeView.swift; sourceTree = "<group>"; };
		040D34CD2C97433500EB31D6 /* HomeViewModel.swift */ = {isa = PBXFileReference; lastKnownFileType = sourcecode.swift; path = HomeViewModel.swift; sourceTree = "<group>"; };
		040D34CF2C97459A00EB31D6 /* HomeRepository.swift */ = {isa = PBXFileReference; lastKnownFileType = sourcecode.swift; path = HomeRepository.swift; sourceTree = "<group>"; };
		040D34D12C9746E800EB31D6 /* MockHomeRepository.swift */ = {isa = PBXFileReference; lastKnownFileType = sourcecode.swift; path = MockHomeRepository.swift; sourceTree = "<group>"; };
		044C664F2CA4F910005019EB /* ProfileSheet.swift */ = {isa = PBXFileReference; lastKnownFileType = sourcecode.swift; path = ProfileSheet.swift; sourceTree = "<group>"; };
		044C66512CA50A2E005019EB /* Repositories.json */ = {isa = PBXFileReference; lastKnownFileType = text.json; path = Repositories.json; sourceTree = "<group>"; };
		044C66532CA510C9005019EB /* Events.json */ = {isa = PBXFileReference; lastKnownFileType = text.json; path = Events.json; sourceTree = "<group>"; };
		044C66562CA51BE4005019EB /* Organization.swift */ = {isa = PBXFileReference; lastKnownFileType = sourcecode.swift; path = Organization.swift; sourceTree = "<group>"; };
		044C66582CA51D83005019EB /* Organizations.json */ = {isa = PBXFileReference; lastKnownFileType = text.json; path = Organizations.json; sourceTree = "<group>"; };
		044C665A2CA51E4E005019EB /* OrganizationViewModel.swift */ = {isa = PBXFileReference; lastKnownFileType = sourcecode.swift; path = OrganizationViewModel.swift; sourceTree = "<group>"; };
		044C665C2CA51E9F005019EB /* OrganizationsView.swift */ = {isa = PBXFileReference; lastKnownFileType = sourcecode.swift; path = OrganizationsView.swift; sourceTree = "<group>"; };
		044C665F2CA51F30005019EB /* OrganizationRowView.swift */ = {isa = PBXFileReference; lastKnownFileType = sourcecode.swift; path = OrganizationRowView.swift; sourceTree = "<group>"; };
		044C66662CA55136005019EB /* SplashScreen.swift */ = {isa = PBXFileReference; lastKnownFileType = sourcecode.swift; path = SplashScreen.swift; sourceTree = "<group>"; };
		044C66682CA5556A005019EB /* LaunchScreen.storyboard */ = {isa = PBXFileReference; lastKnownFileType = file.storyboard; path = LaunchScreen.storyboard; sourceTree = "<group>"; };
		044C666F2CA588FF005019EB /* GitHub_InsightsTests.xctest */ = {isa = PBXFileReference; explicitFileType = wrapper.cfbundle; includeInIndex = 0; path = GitHub_InsightsTests.xctest; sourceTree = BUILT_PRODUCTS_DIR; };
		044C66782CA58922005019EB /* HomeViewModelTests.swift */ = {isa = PBXFileReference; lastKnownFileType = sourcecode.swift; path = HomeViewModelTests.swift; sourceTree = "<group>"; };
		047E2D0E2C98F26800A73395 /* RepositoryRowView.swift */ = {isa = PBXFileReference; lastKnownFileType = sourcecode.swift; path = RepositoryRowView.swift; sourceTree = "<group>"; };
		047E2D102C98F4A200A73395 /* RepoOwner.swift */ = {isa = PBXFileReference; lastKnownFileType = sourcecode.swift; path = RepoOwner.swift; sourceTree = "<group>"; };
		047E2D142C99084900A73395 /* RefreshableScrollView.swift */ = {isa = PBXFileReference; lastKnownFileType = sourcecode.swift; path = RefreshableScrollView.swift; sourceTree = "<group>"; };
		04AA9E192CA066250079C8FB /* EventRowView.swift */ = {isa = PBXFileReference; lastKnownFileType = sourcecode.swift; path = EventRowView.swift; sourceTree = "<group>"; };
		04BD913D2C8C6A8200DE2A08 /* GitHub Insights.app */ = {isa = PBXFileReference; explicitFileType = wrapper.application; includeInIndex = 0; path = "GitHub Insights.app"; sourceTree = BUILT_PRODUCTS_DIR; };
		04BD91402C8C6A8200DE2A08 /* GitHub_InsightsApp.swift */ = {isa = PBXFileReference; lastKnownFileType = sourcecode.swift; path = GitHub_InsightsApp.swift; sourceTree = "<group>"; };
		04BD91442C8C6A8300DE2A08 /* Assets.xcassets */ = {isa = PBXFileReference; lastKnownFileType = folder.assetcatalog; path = Assets.xcassets; sourceTree = "<group>"; };
		04BD91472C8C6A8300DE2A08 /* Preview Assets.xcassets */ = {isa = PBXFileReference; lastKnownFileType = folder.assetcatalog; path = "Preview Assets.xcassets"; sourceTree = "<group>"; };
		04BD914C2C8C6A8300DE2A08 /* GitHub_Insights.xcdatamodel */ = {isa = PBXFileReference; lastKnownFileType = wrapper.xcdatamodel; path = GitHub_Insights.xcdatamodel; sourceTree = "<group>"; };
		04BD91532C8C6F3700DE2A08 /* README.md */ = {isa = PBXFileReference; lastKnownFileType = net.daringfireball.markdown; path = README.md; sourceTree = "<group>"; };
		04BD91572C8C6F8900DE2A08 /* PersistentStore.swift */ = {isa = PBXFileReference; lastKnownFileType = sourcecode.swift; path = PersistentStore.swift; sourceTree = "<group>"; };
		04C535A22CA209D800591CE7 /* RepositoryEvent.swift */ = {isa = PBXFileReference; lastKnownFileType = sourcecode.swift; path = RepositoryEvent.swift; sourceTree = "<group>"; };
		04C535A52CA217C700591CE7 /* UserRepositoriesView.swift */ = {isa = PBXFileReference; lastKnownFileType = sourcecode.swift; path = UserRepositoriesView.swift; sourceTree = "<group>"; };
		04C535A72CA217E700591CE7 /* UserRepositoriesViewModel.swift */ = {isa = PBXFileReference; lastKnownFileType = sourcecode.swift; path = UserRepositoriesViewModel.swift; sourceTree = "<group>"; };
		04D08CA82CA46D41004C1F5C /* StarredRepositoriesViewModel.swift */ = {isa = PBXFileReference; lastKnownFileType = sourcecode.swift; path = StarredRepositoriesViewModel.swift; sourceTree = "<group>"; };
		04D08CAA2CA46E17004C1F5C /* StarredRepositoriesView.swift */ = {isa = PBXFileReference; lastKnownFileType = sourcecode.swift; path = StarredRepositoriesView.swift; sourceTree = "<group>"; };
		04D130032C8D90E600EB0B29 /* GitHubRepo.swift */ = {isa = PBXFileReference; lastKnownFileType = sourcecode.swift; path = GitHubRepo.swift; sourceTree = "<group>"; };
		04D130052C8D92E500EB0B29 /* User.swift */ = {isa = PBXFileReference; lastKnownFileType = sourcecode.swift; path = User.swift; sourceTree = "<group>"; };
		04D130072C8D9B1B00EB0B29 /* .gitignore */ = {isa = PBXFileReference; lastKnownFileType = text; path = .gitignore; sourceTree = "<group>"; };
		04D1300A2C8D9B5D00EB0B29 /* Secrets.json */ = {isa = PBXFileReference; lastKnownFileType = text.json; path = Secrets.json; sourceTree = "<group>"; };
		04D1300C2C8D9B8100EB0B29 /* SecretsManager.swift */ = {isa = PBXFileReference; lastKnownFileType = sourcecode.swift; path = SecretsManager.swift; sourceTree = "<group>"; };
		04D1300E2C8D9C3700EB0B29 /* MakeRequest.swift */ = {isa = PBXFileReference; lastKnownFileType = sourcecode.swift; path = MakeRequest.swift; sourceTree = "<group>"; };
		04D130102C8D9FF300EB0B29 /* AuthRepository.swift */ = {isa = PBXFileReference; lastKnownFileType = sourcecode.swift; path = AuthRepository.swift; sourceTree = "<group>"; };
		04D130122C8DA07800EB0B29 /* Enums.swift */ = {isa = PBXFileReference; lastKnownFileType = sourcecode.swift; path = Enums.swift; sourceTree = "<group>"; };
		04E6CF312CA634B00065A524 /* FileManager+Extension.swift */ = {isa = PBXFileReference; lastKnownFileType = sourcecode.swift; path = "FileManager+Extension.swift"; sourceTree = "<group>"; };
		04E6CF332CA64BA90065A524 /* ProfileViewModelTests.swift */ = {isa = PBXFileReference; lastKnownFileType = sourcecode.swift; path = ProfileViewModelTests.swift; sourceTree = "<group>"; };
		04E6CF352CA64EAE0065A524 /* RepositoryDetailViewModelTests.swift */ = {isa = PBXFileReference; lastKnownFileType = sourcecode.swift; path = RepositoryDetailViewModelTests.swift; sourceTree = "<group>"; };
		04E6CF372CA656580065A524 /* UserRepositoriesViewModelTests.swift */ = {isa = PBXFileReference; lastKnownFileType = sourcecode.swift; path = UserRepositoriesViewModelTests.swift; sourceTree = "<group>"; };
		04E6CF392CA65D920065A524 /* StarredRepositoriesViewModelTests.swift */ = {isa = PBXFileReference; lastKnownFileType = sourcecode.swift; path = StarredRepositoriesViewModelTests.swift; sourceTree = "<group>"; };
		04E6CF3B2CA65F780065A524 /* OrganizationsViewModelTests.swift */ = {isa = PBXFileReference; lastKnownFileType = sourcecode.swift; path = OrganizationsViewModelTests.swift; sourceTree = "<group>"; };
		04E6CF3D2CA6638C0065A524 /* MockAuthRepository.swift */ = {isa = PBXFileReference; lastKnownFileType = sourcecode.swift; path = MockAuthRepository.swift; sourceTree = "<group>"; };
		04E6CF3F2CA665420065A524 /* AuthViewModelTests.swift */ = {isa = PBXFileReference; lastKnownFileType = sourcecode.swift; path = AuthViewModelTests.swift; sourceTree = "<group>"; };
		04E6CF432CA6E2E50065A524 /* TestView.swift */ = {isa = PBXFileReference; lastKnownFileType = sourcecode.swift; path = TestView.swift; sourceTree = "<group>"; };
		04E6CF452CA809650065A524 /* report.html */ = {isa = PBXFileReference; lastKnownFileType = text.html; path = report.html; sourceTree = "<group>"; };
		04E6CF462CA809650065A524 /* report.junit */ = {isa = PBXFileReference; lastKnownFileType = text.xml; path = report.junit; sourceTree = "<group>"; };
		04E6CF482CA809650065A524 /* .env.default */ = {isa = PBXFileReference; lastKnownFileType = text; path = .env.default; sourceTree = "<group>"; };
		04E6CF492CA809650065A524 /* .env.default.sample */ = {isa = PBXFileReference; lastKnownFileType = text; path = .env.default.sample; sourceTree = "<group>"; };
		04E6CF4A2CA809650065A524 /* Appfile */ = {isa = PBXFileReference; lastKnownFileType = text; path = Appfile; sourceTree = "<group>"; };
		04E6CF4B2CA809650065A524 /* Fastfile */ = {isa = PBXFileReference; lastKnownFileType = text; path = Fastfile; sourceTree = "<group>"; };
		04E6CF4D2CA809650065A524 /* README.md */ = {isa = PBXFileReference; lastKnownFileType = net.daringfireball.markdown; path = README.md; sourceTree = "<group>"; };
		04E6CF4E2CA809650065A524 /* report.xml */ = {isa = PBXFileReference; lastKnownFileType = text.xml; path = report.xml; sourceTree = "<group>"; };
		04E6CF502CA827DA0065A524 /* Matchfile */ = {isa = PBXFileReference; fileEncoding = 4; lastKnownFileType = text; path = Matchfile; sourceTree = "<group>"; };
		04E6CF532CA834EB0065A524 /* sc5.png */ = {isa = PBXFileReference; lastKnownFileType = image.png; path = sc5.png; sourceTree = "<group>"; };
		04E6CF542CA834EB0065A524 /* sc2.png */ = {isa = PBXFileReference; lastKnownFileType = image.png; path = sc2.png; sourceTree = "<group>"; };
		04E6CF552CA834EB0065A524 /* sc3.png */ = {isa = PBXFileReference; lastKnownFileType = image.png; path = sc3.png; sourceTree = "<group>"; };
		04E6CF562CA834EB0065A524 /* sc6.png */ = {isa = PBXFileReference; lastKnownFileType = image.png; path = sc6.png; sourceTree = "<group>"; };
		04E6CF572CA834EB0065A524 /* sc1.png */ = {isa = PBXFileReference; lastKnownFileType = image.png; path = sc1.png; sourceTree = "<group>"; };
		04E6CF582CA834EB0065A524 /* sc4.png */ = {isa = PBXFileReference; lastKnownFileType = image.png; path = sc4.png; sourceTree = "<group>"; };
		04EFB1F62C8F5A4300E2FCF0 /* ProfileView.swift */ = {isa = PBXFileReference; lastKnownFileType = sourcecode.swift; path = ProfileView.swift; sourceTree = "<group>"; };
		04EFB1F92C8F5A7B00E2FCF0 /* AuthView.swift */ = {isa = PBXFileReference; lastKnownFileType = sourcecode.swift; path = AuthView.swift; sourceTree = "<group>"; };
		04EFB1FB2C8F5AA600E2FCF0 /* AuthViewModel.swift */ = {isa = PBXFileReference; lastKnownFileType = sourcecode.swift; path = AuthViewModel.swift; sourceTree = "<group>"; };
		04EFB1FD2C8F5F4D00E2FCF0 /* Toast.swift */ = {isa = PBXFileReference; lastKnownFileType = sourcecode.swift; path = Toast.swift; sourceTree = "<group>"; };
		04EFB2002C8F5FC700E2FCF0 /* ToastManager.swift */ = {isa = PBXFileReference; lastKnownFileType = sourcecode.swift; path = ToastManager.swift; sourceTree = "<group>"; };
		04EFB2032C8F605E00E2FCF0 /* ToastView.swift */ = {isa = PBXFileReference; lastKnownFileType = sourcecode.swift; path = ToastView.swift; sourceTree = "<group>"; };
		04EFB2082C8F616900E2FCF0 /* View+Extension.swift */ = {isa = PBXFileReference; lastKnownFileType = sourcecode.swift; path = "View+Extension.swift"; sourceTree = "<group>"; };
		04EFB20B2C8F626600E2FCF0 /* MainTabView.swift */ = {isa = PBXFileReference; lastKnownFileType = sourcecode.swift; path = MainTabView.swift; sourceTree = "<group>"; };
		04EFB20D2C8F644C00E2FCF0 /* BaseTextField.swift */ = {isa = PBXFileReference; lastKnownFileType = sourcecode.swift; path = BaseTextField.swift; sourceTree = "<group>"; };
		04EFB20F2C8F649400E2FCF0 /* String+Extension.swift */ = {isa = PBXFileReference; lastKnownFileType = sourcecode.swift; path = "String+Extension.swift"; sourceTree = "<group>"; };
		04EFB2112C8F661B00E2FCF0 /* Color+Extension.swift */ = {isa = PBXFileReference; lastKnownFileType = sourcecode.swift; path = "Color+Extension.swift"; sourceTree = "<group>"; };
		04EFB2132C8F776400E2FCF0 /* ProfileViewModel.swift */ = {isa = PBXFileReference; lastKnownFileType = sourcecode.swift; path = ProfileViewModel.swift; sourceTree = "<group>"; };
		04EFB2162C8F780300E2FCF0 /* ProfileRepository.swift */ = {isa = PBXFileReference; lastKnownFileType = sourcecode.swift; path = ProfileRepository.swift; sourceTree = "<group>"; };
		04EFB2192C8F79E300E2FCF0 /* MockProfileRepository.swift */ = {isa = PBXFileReference; lastKnownFileType = sourcecode.swift; path = MockProfileRepository.swift; sourceTree = "<group>"; };
		04EFB21B2C8F7D4000E2FCF0 /* NetworkImageView.swift */ = {isa = PBXFileReference; lastKnownFileType = sourcecode.swift; path = NetworkImageView.swift; sourceTree = "<group>"; };
		04EFB21E2C8F7E8700E2FCF0 /* ImageCache.swift */ = {isa = PBXFileReference; lastKnownFileType = sourcecode.swift; path = ImageCache.swift; sourceTree = "<group>"; };
		04EFB2212C8F806600E2FCF0 /* ProfileViewLoaded.swift */ = {isa = PBXFileReference; lastKnownFileType = sourcecode.swift; path = ProfileViewLoaded.swift; sourceTree = "<group>"; };
		04EFB2232C8F862A00E2FCF0 /* ProfileHeader.swift */ = {isa = PBXFileReference; lastKnownFileType = sourcecode.swift; path = ProfileHeader.swift; sourceTree = "<group>"; };
		04F5CAAE2C9ECEAE00FDE889 /* Date+Extension.swift */ = {isa = PBXFileReference; lastKnownFileType = sourcecode.swift; path = "Date+Extension.swift"; sourceTree = "<group>"; };
		04F5CAB22C9ED11400FDE889 /* RepositoryDetailView.swift */ = {isa = PBXFileReference; lastKnownFileType = sourcecode.swift; path = RepositoryDetailView.swift; sourceTree = "<group>"; };
		04F5CAB42C9EF74500FDE889 /* RepositoryHeaderView.swift */ = {isa = PBXFileReference; lastKnownFileType = sourcecode.swift; path = RepositoryHeaderView.swift; sourceTree = "<group>"; };
		04F5CAB82C9F22C600FDE889 /* RepositoryDetailViewModel.swift */ = {isa = PBXFileReference; lastKnownFileType = sourcecode.swift; path = RepositoryDetailViewModel.swift; sourceTree = "<group>"; };
/* End PBXFileReference section */

/* Begin PBXFrameworksBuildPhase section */
		044C666C2CA588FF005019EB /* Frameworks */ = {
			isa = PBXFrameworksBuildPhase;
			buildActionMask = 2147483647;
			files = (
			);
			runOnlyForDeploymentPostprocessing = 0;
		};
		04BD913A2C8C6A8200DE2A08 /* Frameworks */ = {
			isa = PBXFrameworksBuildPhase;
			buildActionMask = 2147483647;
			files = (
			);
			runOnlyForDeploymentPostprocessing = 0;
		};
/* End PBXFrameworksBuildPhase section */

/* Begin PBXGroup section */
		040D34CA2C97432200EB31D6 /* Home */ = {
			isa = PBXGroup;
			children = (
				047E2D0D2C98F22900A73395 /* SubViews */,
				040D34CB2C97432D00EB31D6 /* HomeView.swift */,
				040D34CD2C97433500EB31D6 /* HomeViewModel.swift */,
			);
			path = Home;
			sourceTree = "<group>";
		};
		044C66552CA51B6F005019EB /* UserOrganizations */ = {
			isa = PBXGroup;
			children = (
				044C665E2CA51F1D005019EB /* Subviews */,
				044C665A2CA51E4E005019EB /* OrganizationViewModel.swift */,
				044C665C2CA51E9F005019EB /* OrganizationsView.swift */,
			);
			path = UserOrganizations;
			sourceTree = "<group>";
		};
		044C665E2CA51F1D005019EB /* Subviews */ = {
			isa = PBXGroup;
			children = (
				044C665F2CA51F30005019EB /* OrganizationRowView.swift */,
			);
			path = Subviews;
			sourceTree = "<group>";
		};
		044C66652CA5512A005019EB /* SplashScreen */ = {
			isa = PBXGroup;
			children = (
				044C66662CA55136005019EB /* SplashScreen.swift */,
			);
			path = SplashScreen;
			sourceTree = "<group>";
		};
		044C66702CA588FF005019EB /* GitHub_InsightsTests */ = {
			isa = PBXGroup;
			children = (
				044C66782CA58922005019EB /* HomeViewModelTests.swift */,
				04E6CF332CA64BA90065A524 /* ProfileViewModelTests.swift */,
				04E6CF352CA64EAE0065A524 /* RepositoryDetailViewModelTests.swift */,
				04E6CF372CA656580065A524 /* UserRepositoriesViewModelTests.swift */,
				04E6CF392CA65D920065A524 /* StarredRepositoriesViewModelTests.swift */,
				04E6CF3B2CA65F780065A524 /* OrganizationsViewModelTests.swift */,
				04E6CF3F2CA665420065A524 /* AuthViewModelTests.swift */,
			);
			path = GitHub_InsightsTests;
			sourceTree = "<group>";
		};
		047E2D0D2C98F22900A73395 /* SubViews */ = {
			isa = PBXGroup;
			children = (
				047E2D0E2C98F26800A73395 /* RepositoryRowView.swift */,
			);
			path = SubViews;
			sourceTree = "<group>";
		};
		04BD91342C8C6A8200DE2A08 = {
			isa = PBXGroup;
			children = (
				04E6CF522CA834050065A524 /* images */,
				04E6CF4F2CA809650065A524 /* fastlane */,
				04D130072C8D9B1B00EB0B29 /* .gitignore */,
				04BD91532C8C6F3700DE2A08 /* README.md */,
				04BD913F2C8C6A8200DE2A08 /* GitHub Insights */,
				044C66702CA588FF005019EB /* GitHub_InsightsTests */,
				04BD913E2C8C6A8200DE2A08 /* Products */,
			);
			sourceTree = "<group>";
		};
		04BD913E2C8C6A8200DE2A08 /* Products */ = {
			isa = PBXGroup;
			children = (
				04BD913D2C8C6A8200DE2A08 /* GitHub Insights.app */,
				044C666F2CA588FF005019EB /* GitHub_InsightsTests.xctest */,
			);
			name = Products;
			sourceTree = "<group>";
		};
		04BD913F2C8C6A8200DE2A08 /* GitHub Insights */ = {
			isa = PBXGroup;
			children = (
				04EFB2152C8F77F700E2FCF0 /* Infrastructure */,
				04EFB1FF2C8F5FBB00E2FCF0 /* Managers */,
				04D130092C8D9B4500EB0B29 /* Resources */,
				04BD91562C8C6F5700DE2A08 /* Models */,
				04BD91552C8C6F5400DE2A08 /* Views */,
				04BD91402C8C6A8200DE2A08 /* GitHub_InsightsApp.swift */,
				04BD91442C8C6A8300DE2A08 /* Assets.xcassets */,
				04BD914B2C8C6A8300DE2A08 /* GitHub_Insights.xcdatamodeld */,
				04BD91462C8C6A8300DE2A08 /* Preview Content */,
			);
			path = "GitHub Insights";
			sourceTree = "<group>";
		};
		04BD91462C8C6A8300DE2A08 /* Preview Content */ = {
			isa = PBXGroup;
			children = (
				04BD91472C8C6A8300DE2A08 /* Preview Assets.xcassets */,
			);
			path = "Preview Content";
			sourceTree = "<group>";
		};
		04BD91552C8C6F5400DE2A08 /* Views */ = {
			isa = PBXGroup;
			children = (
				044C66652CA5512A005019EB /* SplashScreen */,
				044C66552CA51B6F005019EB /* UserOrganizations */,
				04D08CA72CA46D2D004C1F5C /* UserStars */,
				04C535A42CA217B700591CE7 /* UserRepos */,
				04F5CAB02C9ED0F800FDE889 /* RepoDetail */,
				040D34CA2C97432200EB31D6 /* Home */,
				04EFB20A2C8F625700E2FCF0 /* MainTab */,
				04EFB2022C8F604500E2FCF0 /* Components */,
				04EFB1F82C8F5A7500E2FCF0 /* Auth */,
				04D130162C8DB59700EB0B29 /* Profile */,
				04E6CF432CA6E2E50065A524 /* TestView.swift */,
			);
			path = Views;
			sourceTree = "<group>";
		};
		04BD91562C8C6F5700DE2A08 /* Models */ = {
			isa = PBXGroup;
			children = (
				04BD91572C8C6F8900DE2A08 /* PersistentStore.swift */,
				04D130032C8D90E600EB0B29 /* GitHubRepo.swift */,
				04D130052C8D92E500EB0B29 /* User.swift */,
				04EFB1FD2C8F5F4D00E2FCF0 /* Toast.swift */,
				047E2D102C98F4A200A73395 /* RepoOwner.swift */,
				04C535A22CA209D800591CE7 /* RepositoryEvent.swift */,
				044C66562CA51BE4005019EB /* Organization.swift */,
			);
			path = Models;
			sourceTree = "<group>";
		};
		04C535A42CA217B700591CE7 /* UserRepos */ = {
			isa = PBXGroup;
			children = (
				04C535A52CA217C700591CE7 /* UserRepositoriesView.swift */,
				04C535A72CA217E700591CE7 /* UserRepositoriesViewModel.swift */,
			);
			path = UserRepos;
			sourceTree = "<group>";
		};
		04D08CA72CA46D2D004C1F5C /* UserStars */ = {
			isa = PBXGroup;
			children = (
				04D08CA82CA46D41004C1F5C /* StarredRepositoriesViewModel.swift */,
				04D08CAA2CA46E17004C1F5C /* StarredRepositoriesView.swift */,
			);
			path = UserStars;
			sourceTree = "<group>";
		};
		04D130092C8D9B4500EB0B29 /* Resources */ = {
			isa = PBXGroup;
			children = (
				04EFB2062C8F60BF00E2FCF0 /* JSON */,
				04EFB2052C8F60AB00E2FCF0 /* Utils */,
			);
			path = Resources;
			sourceTree = "<group>";
		};
		04D130162C8DB59700EB0B29 /* Profile */ = {
			isa = PBXGroup;
			children = (
				04EFB2202C8F805600E2FCF0 /* SubViews */,
				04EFB1F62C8F5A4300E2FCF0 /* ProfileView.swift */,
				04EFB2132C8F776400E2FCF0 /* ProfileViewModel.swift */,
			);
			path = Profile;
			sourceTree = "<group>";
		};
		04E6CF472CA809650065A524 /* test_output */ = {
			isa = PBXGroup;
			children = (
				04E6CF452CA809650065A524 /* report.html */,
				04E6CF462CA809650065A524 /* report.junit */,
			);
			path = test_output;
			sourceTree = "<group>";
		};
		04E6CF4F2CA809650065A524 /* fastlane */ = {
			isa = PBXGroup;
			children = (
				04E6CF472CA809650065A524 /* test_output */,
				04E6CF482CA809650065A524 /* .env.default */,
				04E6CF492CA809650065A524 /* .env.default.sample */,
				04E6CF4A2CA809650065A524 /* Appfile */,
				04E6CF502CA827DA0065A524 /* Matchfile */,
				04E6CF4B2CA809650065A524 /* Fastfile */,
				04E6CF4D2CA809650065A524 /* README.md */,
				04E6CF4E2CA809650065A524 /* report.xml */,
			);
			path = fastlane;
			sourceTree = "<group>";
		};
		04E6CF522CA834050065A524 /* images */ = {
			isa = PBXGroup;
			children = (
				04E6CF572CA834EB0065A524 /* sc1.png */,
				04E6CF542CA834EB0065A524 /* sc2.png */,
				04E6CF552CA834EB0065A524 /* sc3.png */,
				04E6CF582CA834EB0065A524 /* sc4.png */,
				04E6CF532CA834EB0065A524 /* sc5.png */,
				04E6CF562CA834EB0065A524 /* sc6.png */,
			);
			path = images;
			sourceTree = "<group>";
		};
		04EFB1F82C8F5A7500E2FCF0 /* Auth */ = {
			isa = PBXGroup;
			children = (
				04EFB1F92C8F5A7B00E2FCF0 /* AuthView.swift */,
				04EFB1FB2C8F5AA600E2FCF0 /* AuthViewModel.swift */,
			);
			path = Auth;
			sourceTree = "<group>";
		};
		04EFB1FF2C8F5FBB00E2FCF0 /* Managers */ = {
			isa = PBXGroup;
			children = (
				04D1300C2C8D9B8100EB0B29 /* SecretsManager.swift */,
				04EFB2002C8F5FC700E2FCF0 /* ToastManager.swift */,
			);
			path = Managers;
			sourceTree = "<group>";
		};
		04EFB2022C8F604500E2FCF0 /* Components */ = {
			isa = PBXGroup;
			children = (
				04EFB2032C8F605E00E2FCF0 /* ToastView.swift */,
				04EFB20D2C8F644C00E2FCF0 /* BaseTextField.swift */,
				04EFB21B2C8F7D4000E2FCF0 /* NetworkImageView.swift */,
				047E2D142C99084900A73395 /* RefreshableScrollView.swift */,
				044C66682CA5556A005019EB /* LaunchScreen.storyboard */,
			);
			path = Components;
			sourceTree = "<group>";
		};
		04EFB2052C8F60AB00E2FCF0 /* Utils */ = {
			isa = PBXGroup;
			children = (
				04EFB2072C8F60CE00E2FCF0 /* Extensions */,
				04D130122C8DA07800EB0B29 /* Enums.swift */,
				04D1300E2C8D9C3700EB0B29 /* MakeRequest.swift */,
				04EFB21E2C8F7E8700E2FCF0 /* ImageCache.swift */,
			);
			path = Utils;
			sourceTree = "<group>";
		};
		04EFB2062C8F60BF00E2FCF0 /* JSON */ = {
			isa = PBXGroup;
			children = (
				04D1300A2C8D9B5D00EB0B29 /* Secrets.json */,
				044C66512CA50A2E005019EB /* Repositories.json */,
				044C66532CA510C9005019EB /* Events.json */,
				044C66582CA51D83005019EB /* Organizations.json */,
			);
			path = JSON;
			sourceTree = "<group>";
		};
		04EFB2072C8F60CE00E2FCF0 /* Extensions */ = {
			isa = PBXGroup;
			children = (
				04EFB2082C8F616900E2FCF0 /* View+Extension.swift */,
				04EFB20F2C8F649400E2FCF0 /* String+Extension.swift */,
				04EFB2112C8F661B00E2FCF0 /* Color+Extension.swift */,
				04F5CAAE2C9ECEAE00FDE889 /* Date+Extension.swift */,
				04E6CF312CA634B00065A524 /* FileManager+Extension.swift */,
			);
			path = Extensions;
			sourceTree = "<group>";
		};
		04EFB20A2C8F625700E2FCF0 /* MainTab */ = {
			isa = PBXGroup;
			children = (
				04EFB20B2C8F626600E2FCF0 /* MainTabView.swift */,
			);
			path = MainTab;
			sourceTree = "<group>";
		};
		04EFB2152C8F77F700E2FCF0 /* Infrastructure */ = {
			isa = PBXGroup;
			children = (
				04EFB2182C8F79D700E2FCF0 /* MockRepositories */,
				04D130102C8D9FF300EB0B29 /* AuthRepository.swift */,
				04EFB2162C8F780300E2FCF0 /* ProfileRepository.swift */,
				040D34CF2C97459A00EB31D6 /* HomeRepository.swift */,
			);
			path = Infrastructure;
			sourceTree = "<group>";
		};
		04EFB2182C8F79D700E2FCF0 /* MockRepositories */ = {
			isa = PBXGroup;
			children = (
				04EFB2192C8F79E300E2FCF0 /* MockProfileRepository.swift */,
				040D34D12C9746E800EB31D6 /* MockHomeRepository.swift */,
				04E6CF3D2CA6638C0065A524 /* MockAuthRepository.swift */,
			);
			path = MockRepositories;
			sourceTree = "<group>";
		};
		04EFB2202C8F805600E2FCF0 /* SubViews */ = {
			isa = PBXGroup;
			children = (
				04EFB2212C8F806600E2FCF0 /* ProfileViewLoaded.swift */,
				04EFB2232C8F862A00E2FCF0 /* ProfileHeader.swift */,
				040D34C82C973CA400EB31D6 /* ProfileNavigationRow.swift */,
				044C664F2CA4F910005019EB /* ProfileSheet.swift */,
			);
			path = SubViews;
			sourceTree = "<group>";
		};
		04F5CAB02C9ED0F800FDE889 /* RepoDetail */ = {
			isa = PBXGroup;
			children = (
				04F5CAB12C9ED10600FDE889 /* SubViews */,
				04F5CAB22C9ED11400FDE889 /* RepositoryDetailView.swift */,
				04F5CAB82C9F22C600FDE889 /* RepositoryDetailViewModel.swift */,
			);
			path = RepoDetail;
			sourceTree = "<group>";
		};
		04F5CAB12C9ED10600FDE889 /* SubViews */ = {
			isa = PBXGroup;
			children = (
				04F5CAB42C9EF74500FDE889 /* RepositoryHeaderView.swift */,
				04AA9E192CA066250079C8FB /* EventRowView.swift */,
			);
			path = SubViews;
			sourceTree = "<group>";
		};
/* End PBXGroup section */

/* Begin PBXNativeTarget section */
		044C666E2CA588FF005019EB /* GitHub_InsightsTests */ = {
			isa = PBXNativeTarget;
			buildConfigurationList = 044C66752CA588FF005019EB /* Build configuration list for PBXNativeTarget "GitHub_InsightsTests" */;
			buildPhases = (
				044C666B2CA588FF005019EB /* Sources */,
				044C666C2CA588FF005019EB /* Frameworks */,
				044C666D2CA588FF005019EB /* Resources */,
			);
			buildRules = (
			);
			dependencies = (
				044C66742CA588FF005019EB /* PBXTargetDependency */,
			);
			name = GitHub_InsightsTests;
			productName = GitHub_InsightsTests;
			productReference = 044C666F2CA588FF005019EB /* GitHub_InsightsTests.xctest */;
			productType = "com.apple.product-type.bundle.unit-test";
		};
		04BD913C2C8C6A8200DE2A08 /* GitHub Insights */ = {
			isa = PBXNativeTarget;
			buildConfigurationList = 04BD91502C8C6A8300DE2A08 /* Build configuration list for PBXNativeTarget "GitHub Insights" */;
			buildPhases = (
				04BD91392C8C6A8200DE2A08 /* Sources */,
				04BD913A2C8C6A8200DE2A08 /* Frameworks */,
				04BD913B2C8C6A8200DE2A08 /* Resources */,
			);
			buildRules = (
			);
			dependencies = (
			);
			name = "GitHub Insights";
			productName = "GitHub Insights";
			productReference = 04BD913D2C8C6A8200DE2A08 /* GitHub Insights.app */;
			productType = "com.apple.product-type.application";
		};
/* End PBXNativeTarget section */

/* Begin PBXProject section */
		04BD91352C8C6A8200DE2A08 /* Project object */ = {
			isa = PBXProject;
			attributes = {
				BuildIndependentTargetsInParallel = 1;
				LastSwiftUpdateCheck = 1540;
				LastUpgradeCheck = 1540;
				TargetAttributes = {
					044C666E2CA588FF005019EB = {
						CreatedOnToolsVersion = 15.4;
						TestTargetID = 04BD913C2C8C6A8200DE2A08;
					};
					04BD913C2C8C6A8200DE2A08 = {
						CreatedOnToolsVersion = 15.4;
					};
				};
			};
			buildConfigurationList = 04BD91382C8C6A8200DE2A08 /* Build configuration list for PBXProject "GitHub Insights" */;
			compatibilityVersion = "Xcode 14.0";
			developmentRegion = en;
			hasScannedForEncodings = 0;
			knownRegions = (
				en,
				Base,
			);
			mainGroup = 04BD91342C8C6A8200DE2A08;
			productRefGroup = 04BD913E2C8C6A8200DE2A08 /* Products */;
			projectDirPath = "";
			projectRoot = "";
			targets = (
				04BD913C2C8C6A8200DE2A08 /* GitHub Insights */,
				044C666E2CA588FF005019EB /* GitHub_InsightsTests */,
			);
		};
/* End PBXProject section */

/* Begin PBXResourcesBuildPhase section */
		044C666D2CA588FF005019EB /* Resources */ = {
			isa = PBXResourcesBuildPhase;
			buildActionMask = 2147483647;
			files = (
			);
			runOnlyForDeploymentPostprocessing = 0;
		};
		04BD913B2C8C6A8200DE2A08 /* Resources */ = {
			isa = PBXResourcesBuildPhase;
			buildActionMask = 2147483647;
			files = (
				04E6CF5C2CA834EB0065A524 /* sc6.png in Resources */,
				04E6CF512CA827DA0065A524 /* Matchfile in Resources */,
				044C66692CA5556A005019EB /* LaunchScreen.storyboard in Resources */,
				04E6CF5B2CA834EB0065A524 /* sc3.png in Resources */,
				04E6CF5E2CA834EB0065A524 /* sc4.png in Resources */,
				04D130082C8D9B1B00EB0B29 /* .gitignore in Resources */,
				044C66522CA50A2E005019EB /* Repositories.json in Resources */,
				044C66592CA51D83005019EB /* Organizations.json in Resources */,
				04BD91542C8C6F3800DE2A08 /* README.md in Resources */,
				04E6CF5A2CA834EB0065A524 /* sc2.png in Resources */,
				04E6CF5D2CA834EB0065A524 /* sc1.png in Resources */,
				04D1300B2C8D9B5D00EB0B29 /* Secrets.json in Resources */,
				04E6CF592CA834EB0065A524 /* sc5.png in Resources */,
				04BD91482C8C6A8300DE2A08 /* Preview Assets.xcassets in Resources */,
				044C66542CA510C9005019EB /* Events.json in Resources */,
				04BD91452C8C6A8300DE2A08 /* Assets.xcassets in Resources */,
			);
			runOnlyForDeploymentPostprocessing = 0;
		};
/* End PBXResourcesBuildPhase section */

/* Begin PBXSourcesBuildPhase section */
		044C666B2CA588FF005019EB /* Sources */ = {
			isa = PBXSourcesBuildPhase;
			buildActionMask = 2147483647;
			files = (
				04E6CF342CA64BA90065A524 /* ProfileViewModelTests.swift in Sources */,
				04E6CF402CA665420065A524 /* AuthViewModelTests.swift in Sources */,
				04E6CF3C2CA65F780065A524 /* OrganizationsViewModelTests.swift in Sources */,
				04E6CF382CA656580065A524 /* UserRepositoriesViewModelTests.swift in Sources */,
				044C66792CA58922005019EB /* HomeViewModelTests.swift in Sources */,
				04E6CF362CA64EAE0065A524 /* RepositoryDetailViewModelTests.swift in Sources */,
				04E6CF3A2CA65D920065A524 /* StarredRepositoriesViewModelTests.swift in Sources */,
			);
			runOnlyForDeploymentPostprocessing = 0;
		};
		04BD91392C8C6A8200DE2A08 /* Sources */ = {
			isa = PBXSourcesBuildPhase;
			buildActionMask = 2147483647;
			files = (
				04EFB2242C8F862A00E2FCF0 /* ProfileHeader.swift in Sources */,
				04EFB2042C8F605E00E2FCF0 /* ToastView.swift in Sources */,
				04EFB21A2C8F79E300E2FCF0 /* MockProfileRepository.swift in Sources */,
				040D34CC2C97432D00EB31D6 /* HomeView.swift in Sources */,
				04EFB2122C8F661B00E2FCF0 /* Color+Extension.swift in Sources */,
				04BD91412C8C6A8200DE2A08 /* GitHub_InsightsApp.swift in Sources */,
				04EFB2012C8F5FC700E2FCF0 /* ToastManager.swift in Sources */,
				04EFB20C2C8F626600E2FCF0 /* MainTabView.swift in Sources */,
				04F5CAB52C9EF74500FDE889 /* RepositoryHeaderView.swift in Sources */,
				04E6CF3E2CA6638C0065A524 /* MockAuthRepository.swift in Sources */,
				04C535A82CA217E700591CE7 /* UserRepositoriesViewModel.swift in Sources */,
				040D34C92C973CA400EB31D6 /* ProfileNavigationRow.swift in Sources */,
				04EFB1FA2C8F5A7B00E2FCF0 /* AuthView.swift in Sources */,
				047E2D0F2C98F26800A73395 /* RepositoryRowView.swift in Sources */,
				04C535A62CA217C700591CE7 /* UserRepositoriesView.swift in Sources */,
				04EFB20E2C8F644C00E2FCF0 /* BaseTextField.swift in Sources */,
				044C665B2CA51E4E005019EB /* OrganizationViewModel.swift in Sources */,
				04D130132C8DA07800EB0B29 /* Enums.swift in Sources */,
				04EFB2222C8F806600E2FCF0 /* ProfileViewLoaded.swift in Sources */,
				040D34D22C9746E800EB31D6 /* MockHomeRepository.swift in Sources */,
				044C665D2CA51E9F005019EB /* OrganizationsView.swift in Sources */,
				04F5CAB32C9ED11400FDE889 /* RepositoryDetailView.swift in Sources */,
				04EFB2102C8F649400E2FCF0 /* String+Extension.swift in Sources */,
				04F5CAAF2C9ECEAE00FDE889 /* Date+Extension.swift in Sources */,
				04E6CF442CA6E2E50065A524 /* TestView.swift in Sources */,
				04F5CAB92C9F22C600FDE889 /* RepositoryDetailViewModel.swift in Sources */,
				044C66602CA51F30005019EB /* OrganizationRowView.swift in Sources */,
				04EFB1F72C8F5A4300E2FCF0 /* ProfileView.swift in Sources */,
				04D1300D2C8D9B8100EB0B29 /* SecretsManager.swift in Sources */,
				04EFB1FE2C8F5F4D00E2FCF0 /* Toast.swift in Sources */,
				04EFB21F2C8F7E8700E2FCF0 /* ImageCache.swift in Sources */,
				04D1300F2C8D9C3700EB0B29 /* MakeRequest.swift in Sources */,
				04D130062C8D92E500EB0B29 /* User.swift in Sources */,
				04EFB21C2C8F7D4000E2FCF0 /* NetworkImageView.swift in Sources */,
				04BD91582C8C6F8900DE2A08 /* PersistentStore.swift in Sources */,
				04EFB1FC2C8F5AA600E2FCF0 /* AuthViewModel.swift in Sources */,
				047E2D112C98F4A200A73395 /* RepoOwner.swift in Sources */,
				040D34D02C97459A00EB31D6 /* HomeRepository.swift in Sources */,
				044C66572CA51BE4005019EB /* Organization.swift in Sources */,
				044C66672CA55136005019EB /* SplashScreen.swift in Sources */,
				04D130112C8D9FF300EB0B29 /* AuthRepository.swift in Sources */,
				04EFB2142C8F776400E2FCF0 /* ProfileViewModel.swift in Sources */,
				04EFB2172C8F780300E2FCF0 /* ProfileRepository.swift in Sources */,
				04D130042C8D90E600EB0B29 /* GitHubRepo.swift in Sources */,
				04AA9E1A2CA066250079C8FB /* EventRowView.swift in Sources */,
				04EFB2092C8F616900E2FCF0 /* View+Extension.swift in Sources */,
				04D08CA92CA46D41004C1F5C /* StarredRepositoriesViewModel.swift in Sources */,
				040D34CE2C97433500EB31D6 /* HomeViewModel.swift in Sources */,
				04E6CF322CA634B00065A524 /* FileManager+Extension.swift in Sources */,
				04D08CAB2CA46E17004C1F5C /* StarredRepositoriesView.swift in Sources */,
				04BD914D2C8C6A8300DE2A08 /* GitHub_Insights.xcdatamodeld in Sources */,
				047E2D152C99084900A73395 /* RefreshableScrollView.swift in Sources */,
				044C66502CA4F910005019EB /* ProfileSheet.swift in Sources */,
				04C535A32CA209D800591CE7 /* RepositoryEvent.swift in Sources */,
			);
			runOnlyForDeploymentPostprocessing = 0;
		};
/* End PBXSourcesBuildPhase section */

/* Begin PBXTargetDependency section */
		044C66742CA588FF005019EB /* PBXTargetDependency */ = {
			isa = PBXTargetDependency;
			target = 04BD913C2C8C6A8200DE2A08 /* GitHub Insights */;
			targetProxy = 044C66732CA588FF005019EB /* PBXContainerItemProxy */;
		};
/* End PBXTargetDependency section */

/* Begin XCBuildConfiguration section */
		044C66762CA588FF005019EB /* Debug */ = {
			isa = XCBuildConfiguration;
			buildSettings = {
				BUNDLE_LOADER = "$(TEST_HOST)";
				CODE_SIGN_STYLE = Automatic;
				CURRENT_PROJECT_VERSION = 1;
				DEVELOPMENT_TEAM = 27MXYDTP56;
				GENERATE_INFOPLIST_FILE = YES;
				MARKETING_VERSION = 1.0;
				PRODUCT_BUNDLE_IDENTIFIER = "com.smbrmoyo.GitHub-InsightsTests";
				PRODUCT_NAME = "$(TARGET_NAME)";
				SWIFT_EMIT_LOC_STRINGS = NO;
				SWIFT_VERSION = 5.0;
				TARGETED_DEVICE_FAMILY = "1,2";
				TEST_HOST = "$(BUILT_PRODUCTS_DIR)/GitHub Insights.app/$(BUNDLE_EXECUTABLE_FOLDER_PATH)/GitHub Insights";
			};
			name = Debug;
		};
		044C66772CA588FF005019EB /* Release */ = {
			isa = XCBuildConfiguration;
			buildSettings = {
				BUNDLE_LOADER = "$(TEST_HOST)";
				CODE_SIGN_STYLE = Automatic;
				CURRENT_PROJECT_VERSION = 1;
				DEVELOPMENT_TEAM = 27MXYDTP56;
				GENERATE_INFOPLIST_FILE = YES;
				MARKETING_VERSION = 1.0;
				PRODUCT_BUNDLE_IDENTIFIER = "com.smbrmoyo.GitHub-InsightsTests";
				PRODUCT_NAME = "$(TARGET_NAME)";
				SWIFT_EMIT_LOC_STRINGS = NO;
				SWIFT_VERSION = 5.0;
				TARGETED_DEVICE_FAMILY = "1,2";
				TEST_HOST = "$(BUILT_PRODUCTS_DIR)/GitHub Insights.app/$(BUNDLE_EXECUTABLE_FOLDER_PATH)/GitHub Insights";
			};
			name = Release;
		};
		04BD914E2C8C6A8300DE2A08 /* Debug */ = {
			isa = XCBuildConfiguration;
			buildSettings = {
				ALWAYS_SEARCH_USER_PATHS = NO;
				ASSETCATALOG_COMPILER_GENERATE_SWIFT_ASSET_SYMBOL_EXTENSIONS = YES;
				CLANG_ANALYZER_NONNULL = YES;
				CLANG_ANALYZER_NUMBER_OBJECT_CONVERSION = YES_AGGRESSIVE;
				CLANG_CXX_LANGUAGE_STANDARD = "gnu++20";
				CLANG_ENABLE_MODULES = YES;
				CLANG_ENABLE_OBJC_ARC = YES;
				CLANG_ENABLE_OBJC_WEAK = YES;
				CLANG_WARN_BLOCK_CAPTURE_AUTORELEASING = YES;
				CLANG_WARN_BOOL_CONVERSION = YES;
				CLANG_WARN_COMMA = YES;
				CLANG_WARN_CONSTANT_CONVERSION = YES;
				CLANG_WARN_DEPRECATED_OBJC_IMPLEMENTATIONS = YES;
				CLANG_WARN_DIRECT_OBJC_ISA_USAGE = YES_ERROR;
				CLANG_WARN_DOCUMENTATION_COMMENTS = YES;
				CLANG_WARN_EMPTY_BODY = YES;
				CLANG_WARN_ENUM_CONVERSION = YES;
				CLANG_WARN_INFINITE_RECURSION = YES;
				CLANG_WARN_INT_CONVERSION = YES;
				CLANG_WARN_NON_LITERAL_NULL_CONVERSION = YES;
				CLANG_WARN_OBJC_IMPLICIT_RETAIN_SELF = YES;
				CLANG_WARN_OBJC_LITERAL_CONVERSION = YES;
				CLANG_WARN_OBJC_ROOT_CLASS = YES_ERROR;
				CLANG_WARN_QUOTED_INCLUDE_IN_FRAMEWORK_HEADER = YES;
				CLANG_WARN_RANGE_LOOP_ANALYSIS = YES;
				CLANG_WARN_STRICT_PROTOTYPES = YES;
				CLANG_WARN_SUSPICIOUS_MOVE = YES;
				CLANG_WARN_UNGUARDED_AVAILABILITY = YES_AGGRESSIVE;
				CLANG_WARN_UNREACHABLE_CODE = YES;
				CLANG_WARN__DUPLICATE_METHOD_MATCH = YES;
				COPY_PHASE_STRIP = NO;
				DEBUG_INFORMATION_FORMAT = dwarf;
				ENABLE_STRICT_OBJC_MSGSEND = YES;
				ENABLE_TESTABILITY = YES;
				ENABLE_USER_SCRIPT_SANDBOXING = YES;
				GCC_C_LANGUAGE_STANDARD = gnu17;
				GCC_DYNAMIC_NO_PIC = NO;
				GCC_NO_COMMON_BLOCKS = YES;
				GCC_OPTIMIZATION_LEVEL = 0;
				GCC_PREPROCESSOR_DEFINITIONS = (
					"DEBUG=1",
					"$(inherited)",
				);
				GCC_WARN_64_TO_32_BIT_CONVERSION = YES;
				GCC_WARN_ABOUT_RETURN_TYPE = YES_ERROR;
				GCC_WARN_UNDECLARED_SELECTOR = YES;
				GCC_WARN_UNINITIALIZED_AUTOS = YES_AGGRESSIVE;
				GCC_WARN_UNUSED_FUNCTION = YES;
				GCC_WARN_UNUSED_VARIABLE = YES;
				IPHONEOS_DEPLOYMENT_TARGET = 17.5;
				LOCALIZATION_PREFERS_STRING_CATALOGS = YES;
				MTL_ENABLE_DEBUG_INFO = INCLUDE_SOURCE;
				MTL_FAST_MATH = YES;
				ONLY_ACTIVE_ARCH = YES;
				SDKROOT = iphoneos;
				SWIFT_ACTIVE_COMPILATION_CONDITIONS = "DEBUG $(inherited)";
				SWIFT_OPTIMIZATION_LEVEL = "-Onone";
			};
			name = Debug;
		};
		04BD914F2C8C6A8300DE2A08 /* Release */ = {
			isa = XCBuildConfiguration;
			buildSettings = {
				ALWAYS_SEARCH_USER_PATHS = NO;
				ASSETCATALOG_COMPILER_GENERATE_SWIFT_ASSET_SYMBOL_EXTENSIONS = YES;
				CLANG_ANALYZER_NONNULL = YES;
				CLANG_ANALYZER_NUMBER_OBJECT_CONVERSION = YES_AGGRESSIVE;
				CLANG_CXX_LANGUAGE_STANDARD = "gnu++20";
				CLANG_ENABLE_MODULES = YES;
				CLANG_ENABLE_OBJC_ARC = YES;
				CLANG_ENABLE_OBJC_WEAK = YES;
				CLANG_WARN_BLOCK_CAPTURE_AUTORELEASING = YES;
				CLANG_WARN_BOOL_CONVERSION = YES;
				CLANG_WARN_COMMA = YES;
				CLANG_WARN_CONSTANT_CONVERSION = YES;
				CLANG_WARN_DEPRECATED_OBJC_IMPLEMENTATIONS = YES;
				CLANG_WARN_DIRECT_OBJC_ISA_USAGE = YES_ERROR;
				CLANG_WARN_DOCUMENTATION_COMMENTS = YES;
				CLANG_WARN_EMPTY_BODY = YES;
				CLANG_WARN_ENUM_CONVERSION = YES;
				CLANG_WARN_INFINITE_RECURSION = YES;
				CLANG_WARN_INT_CONVERSION = YES;
				CLANG_WARN_NON_LITERAL_NULL_CONVERSION = YES;
				CLANG_WARN_OBJC_IMPLICIT_RETAIN_SELF = YES;
				CLANG_WARN_OBJC_LITERAL_CONVERSION = YES;
				CLANG_WARN_OBJC_ROOT_CLASS = YES_ERROR;
				CLANG_WARN_QUOTED_INCLUDE_IN_FRAMEWORK_HEADER = YES;
				CLANG_WARN_RANGE_LOOP_ANALYSIS = YES;
				CLANG_WARN_STRICT_PROTOTYPES = YES;
				CLANG_WARN_SUSPICIOUS_MOVE = YES;
				CLANG_WARN_UNGUARDED_AVAILABILITY = YES_AGGRESSIVE;
				CLANG_WARN_UNREACHABLE_CODE = YES;
				CLANG_WARN__DUPLICATE_METHOD_MATCH = YES;
				COPY_PHASE_STRIP = NO;
				DEBUG_INFORMATION_FORMAT = "dwarf-with-dsym";
				ENABLE_NS_ASSERTIONS = NO;
				ENABLE_STRICT_OBJC_MSGSEND = YES;
				ENABLE_USER_SCRIPT_SANDBOXING = YES;
				GCC_C_LANGUAGE_STANDARD = gnu17;
				GCC_NO_COMMON_BLOCKS = YES;
				GCC_WARN_64_TO_32_BIT_CONVERSION = YES;
				GCC_WARN_ABOUT_RETURN_TYPE = YES_ERROR;
				GCC_WARN_UNDECLARED_SELECTOR = YES;
				GCC_WARN_UNINITIALIZED_AUTOS = YES_AGGRESSIVE;
				GCC_WARN_UNUSED_FUNCTION = YES;
				GCC_WARN_UNUSED_VARIABLE = YES;
				IPHONEOS_DEPLOYMENT_TARGET = 17.5;
				LOCALIZATION_PREFERS_STRING_CATALOGS = YES;
				MTL_ENABLE_DEBUG_INFO = NO;
				MTL_FAST_MATH = YES;
				SDKROOT = iphoneos;
				SWIFT_COMPILATION_MODE = wholemodule;
				VALIDATE_PRODUCT = YES;
			};
			name = Release;
		};
		04BD91512C8C6A8300DE2A08 /* Debug */ = {
			isa = XCBuildConfiguration;
			buildSettings = {
				ASSETCATALOG_COMPILER_APPICON_NAME = AppIcon;
				ASSETCATALOG_COMPILER_GLOBAL_ACCENT_COLOR_NAME = AccentColor;
				CODE_SIGN_IDENTITY = "Apple Development";
				"CODE_SIGN_IDENTITY[sdk=iphoneos*]" = "iPhone Developer";
				CODE_SIGN_STYLE = Manual;
				CURRENT_PROJECT_VERSION = 1;
				DEVELOPMENT_ASSET_PATHS = "\"GitHub Insights/Preview Content\"";
				DEVELOPMENT_TEAM = "";
				"DEVELOPMENT_TEAM[sdk=iphoneos*]" = 27MXYDTP56;
				ENABLE_PREVIEWS = YES;
				GENERATE_INFOPLIST_FILE = YES;
				INFOPLIST_FILE = "GitHub-Insights-Info.plist";
				INFOPLIST_KEY_CFBundleDisplayName = "GitHub Insights";
				INFOPLIST_KEY_LSApplicationCategoryType = "public.app-category.developer-tools";
				INFOPLIST_KEY_UIApplicationSceneManifest_Generation = YES;
				INFOPLIST_KEY_UIApplicationSupportsIndirectInputEvents = YES;
				INFOPLIST_KEY_UILaunchStoryboardName = LaunchScreen.storyboard;
				INFOPLIST_KEY_UIStatusBarHidden = YES;
				INFOPLIST_KEY_UISupportedInterfaceOrientations = UIInterfaceOrientationPortrait;
				INFOPLIST_KEY_UIUserInterfaceStyle = Dark;
				LD_RUNPATH_SEARCH_PATHS = (
					"$(inherited)",
					"@executable_path/Frameworks",
				);
				MARKETING_VERSION = 0.1.5;
				PRODUCT_BUNDLE_IDENTIFIER = "com.smbrmoyo.GitHub-Insights";
				PRODUCT_NAME = "$(TARGET_NAME)";
				PROVISIONING_PROFILE_SPECIFIER = "";
				"PROVISIONING_PROFILE_SPECIFIER[sdk=iphoneos*]" = "match Development com.smbrmoyo.GitHub-Insights";
				SUPPORTED_PLATFORMS = "iphoneos iphonesimulator";
				SUPPORTS_MACCATALYST = NO;
				SUPPORTS_MAC_DESIGNED_FOR_IPHONE_IPAD = NO;
				SUPPORTS_XR_DESIGNED_FOR_IPHONE_IPAD = NO;
				SWIFT_EMIT_LOC_STRINGS = YES;
				SWIFT_VERSION = 5.0;
				TARGETED_DEVICE_FAMILY = 1;
			};
			name = Debug;
		};
		04BD91522C8C6A8300DE2A08 /* Release */ = {
			isa = XCBuildConfiguration;
			buildSettings = {
				ASSETCATALOG_COMPILER_APPICON_NAME = AppIcon;
				ASSETCATALOG_COMPILER_GLOBAL_ACCENT_COLOR_NAME = AccentColor;
				CODE_SIGN_IDENTITY = "Apple Development";
				"CODE_SIGN_IDENTITY[sdk=iphoneos*]" = "iPhone Distribution";
				CODE_SIGN_STYLE = Manual;
				CURRENT_PROJECT_VERSION = 1;
				DEVELOPMENT_ASSET_PATHS = "\"GitHub Insights/Preview Content\"";
				DEVELOPMENT_TEAM = "";
				"DEVELOPMENT_TEAM[sdk=iphoneos*]" = 27MXYDTP56;
				ENABLE_PREVIEWS = YES;
				GENERATE_INFOPLIST_FILE = YES;
				INFOPLIST_FILE = "GitHub-Insights-Info.plist";
				INFOPLIST_KEY_CFBundleDisplayName = "GitHub Insights";
				INFOPLIST_KEY_LSApplicationCategoryType = "public.app-category.developer-tools";
				INFOPLIST_KEY_UIApplicationSceneManifest_Generation = YES;
				INFOPLIST_KEY_UIApplicationSupportsIndirectInputEvents = YES;
				INFOPLIST_KEY_UILaunchStoryboardName = LaunchScreen.storyboard;
				INFOPLIST_KEY_UIStatusBarHidden = YES;
				INFOPLIST_KEY_UISupportedInterfaceOrientations = UIInterfaceOrientationPortrait;
				INFOPLIST_KEY_UIUserInterfaceStyle = Dark;
				LD_RUNPATH_SEARCH_PATHS = (
					"$(inherited)",
					"@executable_path/Frameworks",
				);
				MARKETING_VERSION = 0.1.5;
				PRODUCT_BUNDLE_IDENTIFIER = "com.smbrmoyo.GitHub-Insights";
				PRODUCT_NAME = "$(TARGET_NAME)";
				PROVISIONING_PROFILE_SPECIFIER = "";
				"PROVISIONING_PROFILE_SPECIFIER[sdk=iphoneos*]" = "match AppStore com.smbrmoyo.GitHub-Insights";
				SUPPORTED_PLATFORMS = "iphoneos iphonesimulator";
				SUPPORTS_MACCATALYST = NO;
				SUPPORTS_MAC_DESIGNED_FOR_IPHONE_IPAD = NO;
				SUPPORTS_XR_DESIGNED_FOR_IPHONE_IPAD = NO;
				SWIFT_EMIT_LOC_STRINGS = YES;
				SWIFT_VERSION = 5.0;
				TARGETED_DEVICE_FAMILY = 1;
			};
			name = Release;
		};
/* End XCBuildConfiguration section */

/* Begin XCConfigurationList section */
		044C66752CA588FF005019EB /* Build configuration list for PBXNativeTarget "GitHub_InsightsTests" */ = {
			isa = XCConfigurationList;
			buildConfigurations = (
				044C66762CA588FF005019EB /* Debug */,
				044C66772CA588FF005019EB /* Release */,
			);
			defaultConfigurationIsVisible = 0;
			defaultConfigurationName = Release;
		};
		04BD91382C8C6A8200DE2A08 /* Build configuration list for PBXProject "GitHub Insights" */ = {
			isa = XCConfigurationList;
			buildConfigurations = (
				04BD914E2C8C6A8300DE2A08 /* Debug */,
				04BD914F2C8C6A8300DE2A08 /* Release */,
			);
			defaultConfigurationIsVisible = 0;
			defaultConfigurationName = Release;
		};
		04BD91502C8C6A8300DE2A08 /* Build configuration list for PBXNativeTarget "GitHub Insights" */ = {
			isa = XCConfigurationList;
			buildConfigurations = (
				04BD91512C8C6A8300DE2A08 /* Debug */,
				04BD91522C8C6A8300DE2A08 /* Release */,
			);
			defaultConfigurationIsVisible = 0;
			defaultConfigurationName = Release;
		};
/* End XCConfigurationList section */

/* Begin XCVersionGroup section */
		04BD914B2C8C6A8300DE2A08 /* GitHub_Insights.xcdatamodeld */ = {
			isa = XCVersionGroup;
			children = (
				04BD914C2C8C6A8300DE2A08 /* GitHub_Insights.xcdatamodel */,
			);
			currentVersion = 04BD914C2C8C6A8300DE2A08 /* GitHub_Insights.xcdatamodel */;
			path = GitHub_Insights.xcdatamodeld;
			sourceTree = "<group>";
			versionGroupType = wrapper.xcdatamodel;
		};
/* End XCVersionGroup section */
	};
	rootObject = 04BD91352C8C6A8200DE2A08 /* Project object */;
}
