// !$*UTF8*$!
{
	archiveVersion = 1;
	classes = {
	};
	objectVersion = 56;
	objects = {

/* Begin PBXBuildFile section */
		04BD91412C8C6A8200DE2A08 /* GitHub_InsightsApp.swift in Sources */ = {isa = PBXBuildFile; fileRef = 04BD91402C8C6A8200DE2A08 /* GitHub_InsightsApp.swift */; };
		04BD91432C8C6A8200DE2A08 /* ContentView.swift in Sources */ = {isa = PBXBuildFile; fileRef = 04BD91422C8C6A8200DE2A08 /* ContentView.swift */; };
		04BD91452C8C6A8300DE2A08 /* Assets.xcassets in Resources */ = {isa = PBXBuildFile; fileRef = 04BD91442C8C6A8300DE2A08 /* Assets.xcassets */; };
		04BD91482C8C6A8300DE2A08 /* Preview Assets.xcassets in Resources */ = {isa = PBXBuildFile; fileRef = 04BD91472C8C6A8300DE2A08 /* Preview Assets.xcassets */; };
		04BD914D2C8C6A8300DE2A08 /* GitHub_Insights.xcdatamodeld in Sources */ = {isa = PBXBuildFile; fileRef = 04BD914B2C8C6A8300DE2A08 /* GitHub_Insights.xcdatamodeld */; };
		04BD91542C8C6F3800DE2A08 /* README.md in Resources */ = {isa = PBXBuildFile; fileRef = 04BD91532C8C6F3700DE2A08 /* README.md */; };
		04BD91582C8C6F8900DE2A08 /* PersistentStore.swift in Sources */ = {isa = PBXBuildFile; fileRef = 04BD91572C8C6F8900DE2A08 /* PersistentStore.swift */; };
		04D130042C8D90E600EB0B29 /* GitHubRepo.swift in Sources */ = {isa = PBXBuildFile; fileRef = 04D130032C8D90E600EB0B29 /* GitHubRepo.swift */; };
		04D130062C8D92E500EB0B29 /* User.swift in Sources */ = {isa = PBXBuildFile; fileRef = 04D130052C8D92E500EB0B29 /* User.swift */; };
		04D130082C8D9B1B00EB0B29 /* .gitignore in Resources */ = {isa = PBXBuildFile; fileRef = 04D130072C8D9B1B00EB0B29 /* .gitignore */; };
		04D1300B2C8D9B5D00EB0B29 /* Secrets.json in Resources */ = {isa = PBXBuildFile; fileRef = 04D1300A2C8D9B5D00EB0B29 /* Secrets.json */; };
		04D1300D2C8D9B8100EB0B29 /* SecretsManager.swift in Sources */ = {isa = PBXBuildFile; fileRef = 04D1300C2C8D9B8100EB0B29 /* SecretsManager.swift */; };
		04D1300F2C8D9C3700EB0B29 /* MakeRequest.swift in Sources */ = {isa = PBXBuildFile; fileRef = 04D1300E2C8D9C3700EB0B29 /* MakeRequest.swift */; };
		04D130112C8D9FF300EB0B29 /* AuthRepository.swift in Sources */ = {isa = PBXBuildFile; fileRef = 04D130102C8D9FF300EB0B29 /* AuthRepository.swift */; };
		04D130132C8DA07800EB0B29 /* Enums.swift in Sources */ = {isa = PBXBuildFile; fileRef = 04D130122C8DA07800EB0B29 /* Enums.swift */; };
		04D130152C8DA17B00EB0B29 /* Constants.swift in Sources */ = {isa = PBXBuildFile; fileRef = 04D130142C8DA17B00EB0B29 /* Constants.swift */; };
/* End PBXBuildFile section */

/* Begin PBXFileReference section */
		04BD913D2C8C6A8200DE2A08 /* GitHub Insights.app */ = {isa = PBXFileReference; explicitFileType = wrapper.application; includeInIndex = 0; path = "GitHub Insights.app"; sourceTree = BUILT_PRODUCTS_DIR; };
		04BD91402C8C6A8200DE2A08 /* GitHub_InsightsApp.swift */ = {isa = PBXFileReference; lastKnownFileType = sourcecode.swift; path = GitHub_InsightsApp.swift; sourceTree = "<group>"; };
		04BD91422C8C6A8200DE2A08 /* ContentView.swift */ = {isa = PBXFileReference; lastKnownFileType = sourcecode.swift; path = ContentView.swift; sourceTree = "<group>"; };
		04BD91442C8C6A8300DE2A08 /* Assets.xcassets */ = {isa = PBXFileReference; lastKnownFileType = folder.assetcatalog; path = Assets.xcassets; sourceTree = "<group>"; };
		04BD91472C8C6A8300DE2A08 /* Preview Assets.xcassets */ = {isa = PBXFileReference; lastKnownFileType = folder.assetcatalog; path = "Preview Assets.xcassets"; sourceTree = "<group>"; };
		04BD914C2C8C6A8300DE2A08 /* GitHub_Insights.xcdatamodel */ = {isa = PBXFileReference; lastKnownFileType = wrapper.xcdatamodel; path = GitHub_Insights.xcdatamodel; sourceTree = "<group>"; };
		04BD91532C8C6F3700DE2A08 /* README.md */ = {isa = PBXFileReference; lastKnownFileType = net.daringfireball.markdown; path = README.md; sourceTree = "<group>"; };
		04BD91572C8C6F8900DE2A08 /* PersistentStore.swift */ = {isa = PBXFileReference; lastKnownFileType = sourcecode.swift; path = PersistentStore.swift; sourceTree = "<group>"; };
		04D130032C8D90E600EB0B29 /* GitHubRepo.swift */ = {isa = PBXFileReference; lastKnownFileType = sourcecode.swift; path = GitHubRepo.swift; sourceTree = "<group>"; };
		04D130052C8D92E500EB0B29 /* User.swift */ = {isa = PBXFileReference; lastKnownFileType = sourcecode.swift; path = User.swift; sourceTree = "<group>"; };
		04D130072C8D9B1B00EB0B29 /* .gitignore */ = {isa = PBXFileReference; lastKnownFileType = text; path = .gitignore; sourceTree = "<group>"; };
		04D1300A2C8D9B5D00EB0B29 /* Secrets.json */ = {isa = PBXFileReference; lastKnownFileType = text.json; path = Secrets.json; sourceTree = "<group>"; };
		04D1300C2C8D9B8100EB0B29 /* SecretsManager.swift */ = {isa = PBXFileReference; lastKnownFileType = sourcecode.swift; path = SecretsManager.swift; sourceTree = "<group>"; };
		04D1300E2C8D9C3700EB0B29 /* MakeRequest.swift */ = {isa = PBXFileReference; lastKnownFileType = sourcecode.swift; path = MakeRequest.swift; sourceTree = "<group>"; };
		04D130102C8D9FF300EB0B29 /* AuthRepository.swift */ = {isa = PBXFileReference; lastKnownFileType = sourcecode.swift; path = AuthRepository.swift; sourceTree = "<group>"; };
		04D130122C8DA07800EB0B29 /* Enums.swift */ = {isa = PBXFileReference; lastKnownFileType = sourcecode.swift; path = Enums.swift; sourceTree = "<group>"; };
		04D130142C8DA17B00EB0B29 /* Constants.swift */ = {isa = PBXFileReference; lastKnownFileType = sourcecode.swift; path = Constants.swift; sourceTree = "<group>"; };
/* End PBXFileReference section */

/* Begin PBXFrameworksBuildPhase section */
		04BD913A2C8C6A8200DE2A08 /* Frameworks */ = {
			isa = PBXFrameworksBuildPhase;
			buildActionMask = 2147483647;
			files = (
			);
			runOnlyForDeploymentPostprocessing = 0;
		};
/* End PBXFrameworksBuildPhase section */

/* Begin PBXGroup section */
		04BD91342C8C6A8200DE2A08 = {
			isa = PBXGroup;
			children = (
				04D130072C8D9B1B00EB0B29 /* .gitignore */,
				04BD91532C8C6F3700DE2A08 /* README.md */,
				04BD913F2C8C6A8200DE2A08 /* GitHub Insights */,
				04BD913E2C8C6A8200DE2A08 /* Products */,
			);
			sourceTree = "<group>";
		};
		04BD913E2C8C6A8200DE2A08 /* Products */ = {
			isa = PBXGroup;
			children = (
				04BD913D2C8C6A8200DE2A08 /* GitHub Insights.app */,
			);
			name = Products;
			sourceTree = "<group>";
		};
		04BD913F2C8C6A8200DE2A08 /* GitHub Insights */ = {
			isa = PBXGroup;
			children = (
				04D130092C8D9B4500EB0B29 /* Resources */,
				04BD91562C8C6F5700DE2A08 /* Model */,
				04BD91552C8C6F5400DE2A08 /* Views */,
				04BD91402C8C6A8200DE2A08 /* GitHub_InsightsApp.swift */,
				04BD91422C8C6A8200DE2A08 /* ContentView.swift */,
				04BD91442C8C6A8300DE2A08 /* Assets.xcassets */,
				04BD914B2C8C6A8300DE2A08 /* GitHub_Insights.xcdatamodeld */,
				04BD91462C8C6A8300DE2A08 /* Preview Content */,
			);
			path = "GitHub Insights";
			sourceTree = "<group>";
		};
		04BD91462C8C6A8300DE2A08 /* Preview Content */ = {
			isa = PBXGroup;
			children = (
				04BD91472C8C6A8300DE2A08 /* Preview Assets.xcassets */,
			);
			path = "Preview Content";
			sourceTree = "<group>";
		};
		04BD91552C8C6F5400DE2A08 /* Views */ = {
			isa = PBXGroup;
			children = (
			);
			path = Views;
			sourceTree = "<group>";
		};
		04BD91562C8C6F5700DE2A08 /* Model */ = {
			isa = PBXGroup;
			children = (
				04BD91572C8C6F8900DE2A08 /* PersistentStore.swift */,
				04D130032C8D90E600EB0B29 /* GitHubRepo.swift */,
				04D130052C8D92E500EB0B29 /* User.swift */,
				04D130102C8D9FF300EB0B29 /* AuthRepository.swift */,
			);
			path = Model;
			sourceTree = "<group>";
		};
		04D130092C8D9B4500EB0B29 /* Resources */ = {
			isa = PBXGroup;
			children = (
				04D1300A2C8D9B5D00EB0B29 /* Secrets.json */,
				04D1300C2C8D9B8100EB0B29 /* SecretsManager.swift */,
				04D1300E2C8D9C3700EB0B29 /* MakeRequest.swift */,
				04D130122C8DA07800EB0B29 /* Enums.swift */,
				04D130142C8DA17B00EB0B29 /* Constants.swift */,
			);
			path = Resources;
			sourceTree = "<group>";
		};
/* End PBXGroup section */

/* Begin PBXNativeTarget section */
		04BD913C2C8C6A8200DE2A08 /* GitHub Insights */ = {
			isa = PBXNativeTarget;
			buildConfigurationList = 04BD91502C8C6A8300DE2A08 /* Build configuration list for PBXNativeTarget "GitHub Insights" */;
			buildPhases = (
				04BD91392C8C6A8200DE2A08 /* Sources */,
				04BD913A2C8C6A8200DE2A08 /* Frameworks */,
				04BD913B2C8C6A8200DE2A08 /* Resources */,
			);
			buildRules = (
			);
			dependencies = (
			);
			name = "GitHub Insights";
			productName = "GitHub Insights";
			productReference = 04BD913D2C8C6A8200DE2A08 /* GitHub Insights.app */;
			productType = "com.apple.product-type.application";
		};
/* End PBXNativeTarget section */

/* Begin PBXProject section */
		04BD91352C8C6A8200DE2A08 /* Project object */ = {
			isa = PBXProject;
			attributes = {
				BuildIndependentTargetsInParallel = 1;
				LastSwiftUpdateCheck = 1540;
				LastUpgradeCheck = 1540;
				TargetAttributes = {
					04BD913C2C8C6A8200DE2A08 = {
						CreatedOnToolsVersion = 15.4;
					};
				};
			};
			buildConfigurationList = 04BD91382C8C6A8200DE2A08 /* Build configuration list for PBXProject "GitHub Insights" */;
			compatibilityVersion = "Xcode 14.0";
			developmentRegion = en;
			hasScannedForEncodings = 0;
			knownRegions = (
				en,
				Base,
			);
			mainGroup = 04BD91342C8C6A8200DE2A08;
			productRefGroup = 04BD913E2C8C6A8200DE2A08 /* Products */;
			projectDirPath = "";
			projectRoot = "";
			targets = (
				04BD913C2C8C6A8200DE2A08 /* GitHub Insights */,
			);
		};
/* End PBXProject section */

/* Begin PBXResourcesBuildPhase section */
		04BD913B2C8C6A8200DE2A08 /* Resources */ = {
			isa = PBXResourcesBuildPhase;
			buildActionMask = 2147483647;
			files = (
				04D130082C8D9B1B00EB0B29 /* .gitignore in Resources */,
				04BD91542C8C6F3800DE2A08 /* README.md in Resources */,
				04D1300B2C8D9B5D00EB0B29 /* Secrets.json in Resources */,
				04BD91482C8C6A8300DE2A08 /* Preview Assets.xcassets in Resources */,
				04BD91452C8C6A8300DE2A08 /* Assets.xcassets in Resources */,
			);
			runOnlyForDeploymentPostprocessing = 0;
		};
/* End PBXResourcesBuildPhase section */

/* Begin PBXSourcesBuildPhase section */
		04BD91392C8C6A8200DE2A08 /* Sources */ = {
			isa = PBXSourcesBuildPhase;
			buildActionMask = 2147483647;
			files = (
				04BD91432C8C6A8200DE2A08 /* ContentView.swift in Sources */,
				04D130152C8DA17B00EB0B29 /* Constants.swift in Sources */,
				04BD91412C8C6A8200DE2A08 /* GitHub_InsightsApp.swift in Sources */,
				04D130132C8DA07800EB0B29 /* Enums.swift in Sources */,
				04D1300D2C8D9B8100EB0B29 /* SecretsManager.swift in Sources */,
				04D1300F2C8D9C3700EB0B29 /* MakeRequest.swift in Sources */,
				04D130062C8D92E500EB0B29 /* User.swift in Sources */,
				04BD91582C8C6F8900DE2A08 /* PersistentStore.swift in Sources */,
				04D130112C8D9FF300EB0B29 /* AuthRepository.swift in Sources */,
				04D130042C8D90E600EB0B29 /* GitHubRepo.swift in Sources */,
				04BD914D2C8C6A8300DE2A08 /* GitHub_Insights.xcdatamodeld in Sources */,
			);
			runOnlyForDeploymentPostprocessing = 0;
		};
/* End PBXSourcesBuildPhase section */

/* Begin XCBuildConfiguration section */
		04BD914E2C8C6A8300DE2A08 /* Debug */ = {
			isa = XCBuildConfiguration;
			buildSettings = {
				ALWAYS_SEARCH_USER_PATHS = NO;
				ASSETCATALOG_COMPILER_GENERATE_SWIFT_ASSET_SYMBOL_EXTENSIONS = YES;
				CLANG_ANALYZER_NONNULL = YES;
				CLANG_ANALYZER_NUMBER_OBJECT_CONVERSION = YES_AGGRESSIVE;
				CLANG_CXX_LANGUAGE_STANDARD = "gnu++20";
				CLANG_ENABLE_MODULES = YES;
				CLANG_ENABLE_OBJC_ARC = YES;
				CLANG_ENABLE_OBJC_WEAK = YES;
				CLANG_WARN_BLOCK_CAPTURE_AUTORELEASING = YES;
				CLANG_WARN_BOOL_CONVERSION = YES;
				CLANG_WARN_COMMA = YES;
				CLANG_WARN_CONSTANT_CONVERSION = YES;
				CLANG_WARN_DEPRECATED_OBJC_IMPLEMENTATIONS = YES;
				CLANG_WARN_DIRECT_OBJC_ISA_USAGE = YES_ERROR;
				CLANG_WARN_DOCUMENTATION_COMMENTS = YES;
				CLANG_WARN_EMPTY_BODY = YES;
				CLANG_WARN_ENUM_CONVERSION = YES;
				CLANG_WARN_INFINITE_RECURSION = YES;
				CLANG_WARN_INT_CONVERSION = YES;
				CLANG_WARN_NON_LITERAL_NULL_CONVERSION = YES;
				CLANG_WARN_OBJC_IMPLICIT_RETAIN_SELF = YES;
				CLANG_WARN_OBJC_LITERAL_CONVERSION = YES;
				CLANG_WARN_OBJC_ROOT_CLASS = YES_ERROR;
				CLANG_WARN_QUOTED_INCLUDE_IN_FRAMEWORK_HEADER = YES;
				CLANG_WARN_RANGE_LOOP_ANALYSIS = YES;
				CLANG_WARN_STRICT_PROTOTYPES = YES;
				CLANG_WARN_SUSPICIOUS_MOVE = YES;
				CLANG_WARN_UNGUARDED_AVAILABILITY = YES_AGGRESSIVE;
				CLANG_WARN_UNREACHABLE_CODE = YES;
				CLANG_WARN__DUPLICATE_METHOD_MATCH = YES;
				COPY_PHASE_STRIP = NO;
				DEBUG_INFORMATION_FORMAT = dwarf;
				ENABLE_STRICT_OBJC_MSGSEND = YES;
				ENABLE_TESTABILITY = YES;
				ENABLE_USER_SCRIPT_SANDBOXING = YES;
				GCC_C_LANGUAGE_STANDARD = gnu17;
				GCC_DYNAMIC_NO_PIC = NO;
				GCC_NO_COMMON_BLOCKS = YES;
				GCC_OPTIMIZATION_LEVEL = 0;
				GCC_PREPROCESSOR_DEFINITIONS = (
					"DEBUG=1",
					"$(inherited)",
				);
				GCC_WARN_64_TO_32_BIT_CONVERSION = YES;
				GCC_WARN_ABOUT_RETURN_TYPE = YES_ERROR;
				GCC_WARN_UNDECLARED_SELECTOR = YES;
				GCC_WARN_UNINITIALIZED_AUTOS = YES_AGGRESSIVE;
				GCC_WARN_UNUSED_FUNCTION = YES;
				GCC_WARN_UNUSED_VARIABLE = YES;
				IPHONEOS_DEPLOYMENT_TARGET = 17.5;
				LOCALIZATION_PREFERS_STRING_CATALOGS = YES;
				MTL_ENABLE_DEBUG_INFO = INCLUDE_SOURCE;
				MTL_FAST_MATH = YES;
				ONLY_ACTIVE_ARCH = YES;
				SDKROOT = iphoneos;
				SWIFT_ACTIVE_COMPILATION_CONDITIONS = "DEBUG $(inherited)";
				SWIFT_OPTIMIZATION_LEVEL = "-Onone";
			};
			name = Debug;
		};
		04BD914F2C8C6A8300DE2A08 /* Release */ = {
			isa = XCBuildConfiguration;
			buildSettings = {
				ALWAYS_SEARCH_USER_PATHS = NO;
				ASSETCATALOG_COMPILER_GENERATE_SWIFT_ASSET_SYMBOL_EXTENSIONS = YES;
				CLANG_ANALYZER_NONNULL = YES;
				CLANG_ANALYZER_NUMBER_OBJECT_CONVERSION = YES_AGGRESSIVE;
				CLANG_CXX_LANGUAGE_STANDARD = "gnu++20";
				CLANG_ENABLE_MODULES = YES;
				CLANG_ENABLE_OBJC_ARC = YES;
				CLANG_ENABLE_OBJC_WEAK = YES;
				CLANG_WARN_BLOCK_CAPTURE_AUTORELEASING = YES;
				CLANG_WARN_BOOL_CONVERSION = YES;
				CLANG_WARN_COMMA = YES;
				CLANG_WARN_CONSTANT_CONVERSION = YES;
				CLANG_WARN_DEPRECATED_OBJC_IMPLEMENTATIONS = YES;
				CLANG_WARN_DIRECT_OBJC_ISA_USAGE = YES_ERROR;
				CLANG_WARN_DOCUMENTATION_COMMENTS = YES;
				CLANG_WARN_EMPTY_BODY = YES;
				CLANG_WARN_ENUM_CONVERSION = YES;
				CLANG_WARN_INFINITE_RECURSION = YES;
				CLANG_WARN_INT_CONVERSION = YES;
				CLANG_WARN_NON_LITERAL_NULL_CONVERSION = YES;
				CLANG_WARN_OBJC_IMPLICIT_RETAIN_SELF = YES;
				CLANG_WARN_OBJC_LITERAL_CONVERSION = YES;
				CLANG_WARN_OBJC_ROOT_CLASS = YES_ERROR;
				CLANG_WARN_QUOTED_INCLUDE_IN_FRAMEWORK_HEADER = YES;
				CLANG_WARN_RANGE_LOOP_ANALYSIS = YES;
				CLANG_WARN_STRICT_PROTOTYPES = YES;
				CLANG_WARN_SUSPICIOUS_MOVE = YES;
				CLANG_WARN_UNGUARDED_AVAILABILITY = YES_AGGRESSIVE;
				CLANG_WARN_UNREACHABLE_CODE = YES;
				CLANG_WARN__DUPLICATE_METHOD_MATCH = YES;
				COPY_PHASE_STRIP = NO;
				DEBUG_INFORMATION_FORMAT = "dwarf-with-dsym";
				ENABLE_NS_ASSERTIONS = NO;
				ENABLE_STRICT_OBJC_MSGSEND = YES;
				ENABLE_USER_SCRIPT_SANDBOXING = YES;
				GCC_C_LANGUAGE_STANDARD = gnu17;
				GCC_NO_COMMON_BLOCKS = YES;
				GCC_WARN_64_TO_32_BIT_CONVERSION = YES;
				GCC_WARN_ABOUT_RETURN_TYPE = YES_ERROR;
				GCC_WARN_UNDECLARED_SELECTOR = YES;
				GCC_WARN_UNINITIALIZED_AUTOS = YES_AGGRESSIVE;
				GCC_WARN_UNUSED_FUNCTION = YES;
				GCC_WARN_UNUSED_VARIABLE = YES;
				IPHONEOS_DEPLOYMENT_TARGET = 17.5;
				LOCALIZATION_PREFERS_STRING_CATALOGS = YES;
				MTL_ENABLE_DEBUG_INFO = NO;
				MTL_FAST_MATH = YES;
				SDKROOT = iphoneos;
				SWIFT_COMPILATION_MODE = wholemodule;
				VALIDATE_PRODUCT = YES;
			};
			name = Release;
		};
		04BD91512C8C6A8300DE2A08 /* Debug */ = {
			isa = XCBuildConfiguration;
			buildSettings = {
				ASSETCATALOG_COMPILER_APPICON_NAME = AppIcon;
				ASSETCATALOG_COMPILER_GLOBAL_ACCENT_COLOR_NAME = AccentColor;
				CODE_SIGN_STYLE = Automatic;
				CURRENT_PROJECT_VERSION = 1;
				DEVELOPMENT_ASSET_PATHS = "\"GitHub Insights/Preview Content\"";
				DEVELOPMENT_TEAM = 27MXYDTP56;
				ENABLE_PREVIEWS = YES;
				GENERATE_INFOPLIST_FILE = YES;
				INFOPLIST_KEY_UIApplicationSceneManifest_Generation = YES;
				INFOPLIST_KEY_UIApplicationSupportsIndirectInputEvents = YES;
				INFOPLIST_KEY_UILaunchScreen_Generation = YES;
				INFOPLIST_KEY_UISupportedInterfaceOrientations_iPad = "UIInterfaceOrientationPortrait UIInterfaceOrientationPortraitUpsideDown UIInterfaceOrientationLandscapeLeft UIInterfaceOrientationLandscapeRight";
				INFOPLIST_KEY_UISupportedInterfaceOrientations_iPhone = "UIInterfaceOrientationPortrait UIInterfaceOrientationLandscapeLeft UIInterfaceOrientationLandscapeRight";
				LD_RUNPATH_SEARCH_PATHS = (
					"$(inherited)",
					"@executable_path/Frameworks",
				);
				MARKETING_VERSION = 1.0;
				PRODUCT_BUNDLE_IDENTIFIER = "com.smbrmoyo.GitHub-Insights";
				PRODUCT_NAME = "$(TARGET_NAME)";
				SWIFT_EMIT_LOC_STRINGS = YES;
				SWIFT_VERSION = 5.0;
				TARGETED_DEVICE_FAMILY = "1,2";
			};
			name = Debug;
		};
		04BD91522C8C6A8300DE2A08 /* Release */ = {
			isa = XCBuildConfiguration;
			buildSettings = {
				ASSETCATALOG_COMPILER_APPICON_NAME = AppIcon;
				ASSETCATALOG_COMPILER_GLOBAL_ACCENT_COLOR_NAME = AccentColor;
				CODE_SIGN_STYLE = Automatic;
				CURRENT_PROJECT_VERSION = 1;
				DEVELOPMENT_ASSET_PATHS = "\"GitHub Insights/Preview Content\"";
				DEVELOPMENT_TEAM = 27MXYDTP56;
				ENABLE_PREVIEWS = YES;
				GENERATE_INFOPLIST_FILE = YES;
				INFOPLIST_KEY_UIApplicationSceneManifest_Generation = YES;
				INFOPLIST_KEY_UIApplicationSupportsIndirectInputEvents = YES;
				INFOPLIST_KEY_UILaunchScreen_Generation = YES;
				INFOPLIST_KEY_UISupportedInterfaceOrientations_iPad = "UIInterfaceOrientationPortrait UIInterfaceOrientationPortraitUpsideDown UIInterfaceOrientationLandscapeLeft UIInterfaceOrientationLandscapeRight";
				INFOPLIST_KEY_UISupportedInterfaceOrientations_iPhone = "UIInterfaceOrientationPortrait UIInterfaceOrientationLandscapeLeft UIInterfaceOrientationLandscapeRight";
				LD_RUNPATH_SEARCH_PATHS = (
					"$(inherited)",
					"@executable_path/Frameworks",
				);
				MARKETING_VERSION = 1.0;
				PRODUCT_BUNDLE_IDENTIFIER = "com.smbrmoyo.GitHub-Insights";
				PRODUCT_NAME = "$(TARGET_NAME)";
				SWIFT_EMIT_LOC_STRINGS = YES;
				SWIFT_VERSION = 5.0;
				TARGETED_DEVICE_FAMILY = "1,2";
			};
			name = Release;
		};
/* End XCBuildConfiguration section */

/* Begin XCConfigurationList section */
		04BD91382C8C6A8200DE2A08 /* Build configuration list for PBXProject "GitHub Insights" */ = {
			isa = XCConfigurationList;
			buildConfigurations = (
				04BD914E2C8C6A8300DE2A08 /* Debug */,
				04BD914F2C8C6A8300DE2A08 /* Release */,
			);
			defaultConfigurationIsVisible = 0;
			defaultConfigurationName = Release;
		};
		04BD91502C8C6A8300DE2A08 /* Build configuration list for PBXNativeTarget "GitHub Insights" */ = {
			isa = XCConfigurationList;
			buildConfigurations = (
				04BD91512C8C6A8300DE2A08 /* Debug */,
				04BD91522C8C6A8300DE2A08 /* Release */,
			);
			defaultConfigurationIsVisible = 0;
			defaultConfigurationName = Release;
		};
/* End XCConfigurationList section */

/* Begin XCVersionGroup section */
		04BD914B2C8C6A8300DE2A08 /* GitHub_Insights.xcdatamodeld */ = {
			isa = XCVersionGroup;
			children = (
				04BD914C2C8C6A8300DE2A08 /* GitHub_Insights.xcdatamodel */,
			);
			currentVersion = 04BD914C2C8C6A8300DE2A08 /* GitHub_Insights.xcdatamodel */;
			path = GitHub_Insights.xcdatamodeld;
			sourceTree = "<group>";
			versionGroupType = wrapper.xcdatamodel;
		};
/* End XCVersionGroup section */
	};
	rootObject = 04BD91352C8C6A8200DE2A08 /* Project object */;
}
